Microsoft Visual Studio Solution File, Format Version 8.00
Project("{8BC9CEB8-8B4A-11D0-8D11-00A0C91BC942}") = "C", "C.vcproj", "{0F0FE03A-78F3-4B34-9DCE-0CDFF1FB5C40}"
	ProjectSection(ProjectDependencies) = postProject
	EndProjectSection
EndProject
Project("{8BC9CEB8-8B4A-11D0-8D11-00A0C91BC942}") = "testcr", "..\testcr\testcr.vcproj", "{5D2F8877-8499-4FBA-A8B8-C542331F6ACB}"
	ProjectSection(ProjectDependencies) = postProject
		{0F0FE03A-78F3-4B34-9DCE-0CDFF1FB5C40} = {0F0FE03A-78F3-4B34-9DCE-0CDFF1FB5C40}
	EndProjectSection
EndProject
Global
	GlobalSection(SourceCodeControl) = preSolution
		SccNumberOfProjects = 3
		SccLocalPath0 = .
		CanCheckoutShared = true
		SolutionUniqueID = {A1EB2D24-65CF-48F9-9FCE-945F118519DB}
		SccProjectUniqueName1 = C.vcproj
		SccLocalPath1 = .
		CanCheckoutShared = true
		SccProjectUniqueName2 = ..\\testcr\\testcr.vcproj
		SccLocalPath2 = ..\\testcr
		CanCheckoutShared = true
	EndGlobalSection
	GlobalSection(SolutionConfiguration) = preSolution
		Debug = Debug
		Release = Release
	EndGlobalSection
	GlobalSection(ProjectConfiguration) = postSolution
		{0F0FE03A-78F3-4B34-9DCE-0CDFF1FB5C40}.Debug.ActiveCfg = Debug|Win32
		{0F0FE03A-78F3-4B34-9DCE-0CDFF1FB5C40}.Debug.Build.0 = Debug|Win32
		{0F0FE03A-78F3-4B34-9DCE-0CDFF1FB5C40}.Release.ActiveCfg = Release|Win32
		{0F0FE03A-78F3-4B34-9DCE-0CDFF1FB5C40}.Release.Build.0 = Release|Win32
		{5D2F8877-8499-4FBA-A8B8-C542331F6ACB}.Debug.ActiveCfg = Debug|Win32
		{5D2F8877-8499-4FBA-A8B8-C542331F6ACB}.Debug.Build.0 = Debug|Win32
		{5D2F8877-8499-4FBA-A8B8-C542331F6ACB}.Release.ActiveCfg = Release|Win32
		{5D2F8877-8499-4FBA-A8B8-C542331F6ACB}.Release.Build.0 = Release|Win32
	EndGlobalSection
	GlobalSection(ExtensibilityGlobals) = postSolution
	EndGlobalSection
	GlobalSection(ExtensibilityAddIns) = postSolution
	EndGlobalSection
EndGlobal
