Microsoft Visual Studio Solution File, Format Version 8.00
Project("{8BC9CEB8-8B4A-11D0-8D11-00A0C91BC942}") = "C", "C.vcproj", "{0F0FE03A-78F3-4B34-9DCE-0CDFF1FB5C40}"
	ProjectSection(ProjectDependencies) = postProject
	EndProjectSection
EndProject
Project("{8BC9CEB8-8B4A-11D0-8D11-00A0C91BC942}") = "test2", "test2\test2.vcproj", "{1A855725-8DDC-4838-A634-D8EFD35BB3F6}"
	ProjectSection(ProjectDependencies) = postProject
		{0F0FE03A-78F3-4B34-9DCE-0CDFF1FB5C40} = {0F0FE03A-78F3-4B34-9DCE-0CDFF1FB5C40}
	EndProjectSection
EndProject
Project("{8BC9CEB8-8B4A-11D0-8D11-00A0C91BC942}") = "lextest", "lextest\lextest.vcproj", "{FE163CB1-6DEA-4688-90C0-022FE2E1C257}"
	ProjectSection(ProjectDependencies) = postProject
		{0F0FE03A-78F3-4B34-9DCE-0CDFF1FB5C40} = {0F0FE03A-78F3-4B34-9DCE-0CDFF1FB5C40}
	EndProjectSection
EndProject
Global
	GlobalSection(SourceCodeControl) = preSolution
		SccNumberOfProjects = 4
		SccLocalPath0 = .
		CanCheckoutShared = true
		SolutionUniqueID = {A1EB2D24-65CF-48F9-9FCE-945F118519DB}
		SccProjectUniqueName1 = C.vcproj
		SccLocalPath1 = .
		CanCheckoutShared = true
		SccProjectUniqueName2 = lextest\\lextest.vcproj
		SccLocalPath2 = lextest
		CanCheckoutShared = true
		SccProjectUniqueName3 = test2\\test2.vcproj
		SccLocalPath3 = test2
		CanCheckoutShared = true
	EndGlobalSection
	GlobalSection(SolutionConfiguration) = preSolution
		Debug = Debug
		Release = Release
	EndGlobalSection
	GlobalSection(ProjectConfiguration) = postSolution
		{0F0FE03A-78F3-4B34-9DCE-0CDFF1FB5C40}.Debug.ActiveCfg = Debug|Win32
		{0F0FE03A-78F3-4B34-9DCE-0CDFF1FB5C40}.Debug.Build.0 = Debug|Win32
		{0F0FE03A-78F3-4B34-9DCE-0CDFF1FB5C40}.Release.ActiveCfg = Release|Win32
		{0F0FE03A-78F3-4B34-9DCE-0CDFF1FB5C40}.Release.Build.0 = Release|Win32
		{1A855725-8DDC-4838-A634-D8EFD35BB3F6}.Debug.ActiveCfg = Debug|Win32
		{1A855725-8DDC-4838-A634-D8EFD35BB3F6}.Debug.Build.0 = Debug|Win32
		{1A855725-8DDC-4838-A634-D8EFD35BB3F6}.Release.ActiveCfg = Release|Win32
		{1A855725-8DDC-4838-A634-D8EFD35BB3F6}.Release.Build.0 = Release|Win32
		{FE163CB1-6DEA-4688-90C0-022FE2E1C257}.Debug.ActiveCfg = Debug|Win32
		{FE163CB1-6DEA-4688-90C0-022FE2E1C257}.Debug.Build.0 = Debug|Win32
		{FE163CB1-6DEA-4688-90C0-022FE2E1C257}.Release.ActiveCfg = Release|Win32
		{FE163CB1-6DEA-4688-90C0-022FE2E1C257}.Release.Build.0 = Release|Win32
	EndGlobalSection
	GlobalSection(ExtensibilityGlobals) = postSolution
	EndGlobalSection
	GlobalSection(ExtensibilityAddIns) = postSolution
	EndGlobalSection
EndGlobal
