// !$*UTF8*$!
{
	archiveVersion = 1;
	classes = {
	};
	objectVersion = 42;
	objects = {

/* Begin PBXBuildFile section */
		8DC2EF530486A6940098B216 /* InfoPlist.strings in Resources */ = {isa = PBXBuildFile; fileRef = 089C1666FE841158C02AAC07 /* InfoPlist.strings */; };
		F7009ADB0A1BE4AE002EDD5D /* ANTLRLexerRuleReturnScope.h in Headers */ = {isa = PBXBuildFile; fileRef = F7009AD90A1BE4AE002EDD5D /* ANTLRLexerRuleReturnScope.h */; settings = {ATTRIBUTES = (Public, ); }; };
		F7009ADC0A1BE4AE002EDD5D /* ANTLRLexerRuleReturnScope.m in Sources */ = {isa = PBXBuildFile; fileRef = F7009ADA0A1BE4AE002EDD5D /* ANTLRLexerRuleReturnScope.m */; };
		F700E61B0A5F66EC005D0757 /* ANTLREarlyExitException.h in Headers */ = {isa = PBXBuildFile; fileRef = F700E6190A5F66EC005D0757 /* ANTLREarlyExitException.h */; settings = {ATTRIBUTES = (Public, ); }; };
		F700E61C0A5F66EC005D0757 /* ANTLREarlyExitException.m in Sources */ = {isa = PBXBuildFile; fileRef = F700E61A0A5F66EC005D0757 /* ANTLREarlyExitException.m */; };
		F700E86B0A5FA34D005D0757 /* main.m in Sources */ = {isa = PBXBuildFile; fileRef = F700E86A0A5FA34D005D0757 /* main.m */; };
		F700E8FB0A5FAD21005D0757 /* ANTLRParser.h in Headers */ = {isa = PBXBuildFile; fileRef = F700E8F90A5FAD21005D0757 /* ANTLRParser.h */; settings = {ATTRIBUTES = (Public, ); }; };
		F700E8FC0A5FAD21005D0757 /* ANTLRParser.m in Sources */ = {isa = PBXBuildFile; fileRef = F700E8FA0A5FAD21005D0757 /* ANTLRParser.m */; };
		F700EC670A5FDF0D005D0757 /* ANTLR.framework in Frameworks */ = {isa = PBXBuildFile; fileRef = 8DC2EF5B0486A6940098B216 /* ANTLR.framework */; };
		F700ECA40A5FDF1A005D0757 /* CoreFoundation.framework in Frameworks */ = {isa = PBXBuildFile; fileRef = F71F6B8F09A81E6F003221F4 /* CoreFoundation.framework */; };
		F700ECA50A5FDF1A005D0757 /* Cocoa.framework in Frameworks */ = {isa = PBXBuildFile; fileRef = 1058C7B1FEA5585E11CA2CBB /* Cocoa.framework */; };
		F700ECD90A5FE19A005D0757 /* CoreFoundation.framework in Frameworks */ = {isa = PBXBuildFile; fileRef = F71F6B8F09A81E6F003221F4 /* CoreFoundation.framework */; };
		F700ECDA0A5FE19A005D0757 /* Cocoa.framework in Frameworks */ = {isa = PBXBuildFile; fileRef = 1058C7B1FEA5585E11CA2CBB /* Cocoa.framework */; };
		F700ECE80A5FE25D005D0757 /* main.m in Sources */ = {isa = PBXBuildFile; fileRef = F700ECE70A5FE25D005D0757 /* main.m */; };
		F700ED7F0A5FF17C005D0757 /* ANTLRTokenSource.h in Headers */ = {isa = PBXBuildFile; fileRef = F700ED7E0A5FF17C005D0757 /* ANTLRTokenSource.h */; settings = {ATTRIBUTES = (Public, ); }; };
		F700ED960A5FF2A5005D0757 /* ANTLRCommonTokenStream.h in Headers */ = {isa = PBXBuildFile; fileRef = F700ED940A5FF2A5005D0757 /* ANTLRCommonTokenStream.h */; settings = {ATTRIBUTES = (Public, ); }; };
		F700ED970A5FF2A5005D0757 /* ANTLRCommonTokenStream.m in Sources */ = {isa = PBXBuildFile; fileRef = F700ED950A5FF2A5005D0757 /* ANTLRCommonTokenStream.m */; };
		F7037CF00A0582FC0070435D /* ANTLRMismatchedRangeException.h in Headers */ = {isa = PBXBuildFile; fileRef = F7037CEE0A0582FC0070435D /* ANTLRMismatchedRangeException.h */; settings = {ATTRIBUTES = (Public, ); }; };
		F7037CF10A0582FC0070435D /* ANTLRMismatchedRangeException.m in Sources */ = {isa = PBXBuildFile; fileRef = F7037CEF0A0582FC0070435D /* ANTLRMismatchedRangeException.m */; };
		F7037EA60A05AFD70070435D /* ANTLR.framework in Frameworks */ = {isa = PBXBuildFile; fileRef = 8DC2EF5B0486A6940098B216 /* ANTLR.framework */; };
		F70380BC0A07FA0D0070435D /* ANTLRMismatchedSetException.h in Headers */ = {isa = PBXBuildFile; fileRef = F70380BA0A07FA0D0070435D /* ANTLRMismatchedSetException.h */; settings = {ATTRIBUTES = (Public, ); }; };
		F70380BD0A07FA0D0070435D /* ANTLRMismatchedSetException.m in Sources */ = {isa = PBXBuildFile; fileRef = F70380BB0A07FA0D0070435D /* ANTLRMismatchedSetException.m */; };
		F70AA7A609AA2A6900C3FD5E /* ANTLR.h in Headers */ = {isa = PBXBuildFile; fileRef = F70AA7A509AA2A6900C3FD5E /* ANTLR.h */; settings = {ATTRIBUTES = (Public, ); }; };
		F70AA7AF09AA2AC000C3FD5E /* ANTLRIntStream.h in Headers */ = {isa = PBXBuildFile; fileRef = F70AA7AD09AA2AC000C3FD5E /* ANTLRIntStream.h */; settings = {ATTRIBUTES = (Public, ); }; };
		F70AA7C709AA339900C3FD5E /* ANTLRStringStream.h in Headers */ = {isa = PBXBuildFile; fileRef = F70AA7C509AA339900C3FD5E /* ANTLRStringStream.h */; settings = {ATTRIBUTES = (Public, ); }; };
		F70AA7C809AA339900C3FD5E /* ANTLRStringStream.m in Sources */ = {isa = PBXBuildFile; fileRef = F70AA7C609AA339900C3FD5E /* ANTLRStringStream.m */; };
		F70AA7CF09AA379300C3FD5E /* ANTLRStringStreamState.h in Headers */ = {isa = PBXBuildFile; fileRef = F70AA7CD09AA379300C3FD5E /* ANTLRStringStreamState.h */; settings = {ATTRIBUTES = (Public, ); }; };
		F70AA7D009AA379300C3FD5E /* ANTLRStringStreamState.m in Sources */ = {isa = PBXBuildFile; fileRef = F70AA7CE09AA379300C3FD5E /* ANTLRStringStreamState.m */; };
		F70BB391098E5BB80054FEF8 /* SenTestingKit.framework in Frameworks */ = {isa = PBXBuildFile; fileRef = F70BB390098E5BB80054FEF8 /* SenTestingKit.framework */; };
		F70BB39D098E62740054FEF8 /* TestBitSet.m in Sources */ = {isa = PBXBuildFile; fileRef = F70BB39C098E62740054FEF8 /* TestBitSet.m */; };
		F71F6A0509A8159F003221F4 /* ANTLR.framework in Frameworks */ = {isa = PBXBuildFile; fileRef = 8DC2EF5B0486A6940098B216 /* ANTLR.framework */; };
		F71F6B9009A81E6F003221F4 /* CoreFoundation.framework in Frameworks */ = {isa = PBXBuildFile; fileRef = F71F6B8F09A81E6F003221F4 /* CoreFoundation.framework */; };
		F7278F7D0A881AFA00575EAE /* ANTLR.framework in Frameworks */ = {isa = PBXBuildFile; fileRef = 8DC2EF5B0486A6940098B216 /* ANTLR.framework */; };
		F7278F7E0A881AFA00575EAE /* Foundation.framework in Frameworks */ = {isa = PBXBuildFile; fileRef = 0867D69BFE84028FC02AAC07 /* Foundation.framework */; };
		F7278F7F0A881AFA00575EAE /* Cocoa.framework in Frameworks */ = {isa = PBXBuildFile; fileRef = 1058C7B1FEA5585E11CA2CBB /* Cocoa.framework */; };
		F7278F800A881AFA00575EAE /* CoreFoundation.framework in Frameworks */ = {isa = PBXBuildFile; fileRef = F71F6B8F09A81E6F003221F4 /* CoreFoundation.framework */; };
		F7278F880A881B3400575EAE /* ReturnScopes.m in Sources */ = {isa = PBXBuildFile; fileRef = F7278F580A8814A900575EAE /* ReturnScopes.m */; };
		F7278F890A881B3500575EAE /* ReturnScopesLexer.m in Sources */ = {isa = PBXBuildFile; fileRef = F7278F5A0A8814A900575EAE /* ReturnScopesLexer.m */; };
		F72C56DD0AB3411000282574 /* ANTLRTreeAdaptor.m in Sources */ = {isa = PBXBuildFile; fileRef = F72C56DC0AB3411000282574 /* ANTLRTreeAdaptor.m */; };
		F72C58EA0AB3911D00282574 /* ANTLRCommonTree.h in Headers */ = {isa = PBXBuildFile; fileRef = F72C58E80AB3911D00282574 /* ANTLRCommonTree.h */; settings = {ATTRIBUTES = (Public, ); }; };
		F72C58EB0AB3911D00282574 /* ANTLRCommonTree.m in Sources */ = {isa = PBXBuildFile; fileRef = F72C58E90AB3911D00282574 /* ANTLRCommonTree.m */; };
		F72C59A70AB4F20A00282574 /* ANTLRCommonTreeAdaptor.h in Headers */ = {isa = PBXBuildFile; fileRef = F72C59A50AB4F20A00282574 /* ANTLRCommonTreeAdaptor.h */; settings = {ATTRIBUTES = (Public, ); }; };
		F72C59A80AB4F20A00282574 /* ANTLRCommonTreeAdaptor.m in Sources */ = {isa = PBXBuildFile; fileRef = F72C59A60AB4F20A00282574 /* ANTLRCommonTreeAdaptor.m */; };
		F72C5B840AB52AD300282574 /* ANTLRTreeNodeStream.h in Headers */ = {isa = PBXBuildFile; fileRef = F72C5B820AB52AD300282574 /* ANTLRTreeNodeStream.h */; settings = {ATTRIBUTES = (Public, ); }; };
		F72C5B900AB52B5B00282574 /* ANTLRCommonTreeNodeStream.h in Headers */ = {isa = PBXBuildFile; fileRef = F72C5B8E0AB52B5B00282574 /* ANTLRCommonTreeNodeStream.h */; settings = {ATTRIBUTES = (Public, ); }; };
		F72C5B910AB52B5B00282574 /* ANTLRCommonTreeNodeStream.m in Sources */ = {isa = PBXBuildFile; fileRef = F72C5B8F0AB52B5B00282574 /* ANTLRCommonTreeNodeStream.m */; };
		F72C5C210AB54A9300282574 /* ANTLRCommonTreeNodeStreamState.h in Headers */ = {isa = PBXBuildFile; fileRef = F72C5C1F0AB54A9300282574 /* ANTLRCommonTreeNodeStreamState.h */; settings = {ATTRIBUTES = (Public, ); }; };
		F72C5C220AB54A9300282574 /* ANTLRCommonTreeNodeStreamState.m in Sources */ = {isa = PBXBuildFile; fileRef = F72C5C200AB54A9300282574 /* ANTLRCommonTreeNodeStreamState.m */; };
		F72C5D560AB63C1D00282574 /* ANTLRTreeParser.h in Headers */ = {isa = PBXBuildFile; fileRef = F72C5D540AB63C1D00282574 /* ANTLRTreeParser.h */; settings = {ATTRIBUTES = (Public, ); }; };
		F72C5D570AB63C1D00282574 /* ANTLRTreeParser.m in Sources */ = {isa = PBXBuildFile; fileRef = F72C5D550AB63C1D00282574 /* ANTLRTreeParser.m */; };
		F72C5D620AB63E0B00282574 /* ANTLRMismatchedTreeNodeException.h in Headers */ = {isa = PBXBuildFile; fileRef = F72C5D600AB63E0B00282574 /* ANTLRMismatchedTreeNodeException.h */; settings = {ATTRIBUTES = (Public, ); }; };
		F72C5D630AB63E0B00282574 /* ANTLRMismatchedTreeNodeException.m in Sources */ = {isa = PBXBuildFile; fileRef = F72C5D610AB63E0B00282574 /* ANTLRMismatchedTreeNodeException.m */; };
		F72C5E620AB7E4C900282574 /* ANTLR.framework in Frameworks */ = {isa = PBXBuildFile; fileRef = 8DC2EF5B0486A6940098B216 /* ANTLR.framework */; };
		F72C5E630AB7E4C900282574 /* Foundation.framework in Frameworks */ = {isa = PBXBuildFile; fileRef = 0867D69BFE84028FC02AAC07 /* Foundation.framework */; };
		F72C5E640AB7E4C900282574 /* Cocoa.framework in Frameworks */ = {isa = PBXBuildFile; fileRef = 1058C7B1FEA5585E11CA2CBB /* Cocoa.framework */; };
		F72C5E650AB7E4C900282574 /* CoreFoundation.framework in Frameworks */ = {isa = PBXBuildFile; fileRef = F71F6B8F09A81E6F003221F4 /* CoreFoundation.framework */; };
		F72C5E6B0AB7E50300282574 /* main.m in Sources */ = {isa = PBXBuildFile; fileRef = F72C5E560AB7E41000282574 /* main.m */; };
		F72C5E6C0AB7E50500282574 /* SimpleC.m in Sources */ = {isa = PBXBuildFile; fileRef = F72C5E350AB7529C00282574 /* SimpleC.m */; };
		F72C5E6D0AB7E50500282574 /* SimpleCLexer.m in Sources */ = {isa = PBXBuildFile; fileRef = F72C5E380AB7529C00282574 /* SimpleCLexer.m */; };
		F72C5ECE0AB7E5A500282574 /* ANTLRParserRuleReturnScope.h in Headers */ = {isa = PBXBuildFile; fileRef = F72C5ECC0AB7E5A500282574 /* ANTLRParserRuleReturnScope.h */; settings = {ATTRIBUTES = (Public, ); }; };
		F72C5ECF0AB7E5A500282574 /* ANTLRParserRuleReturnScope.m in Sources */ = {isa = PBXBuildFile; fileRef = F72C5ECD0AB7E5A500282574 /* ANTLRParserRuleReturnScope.m */; };
		F73E2B740A9CFE6A005D6267 /* ANTLRTree.h in Headers */ = {isa = PBXBuildFile; fileRef = F73E2B720A9CFE6A005D6267 /* ANTLRTree.h */; settings = {ATTRIBUTES = (Public, ); }; };
		F73E2B7C0A9D0AFC005D6267 /* ANTLRTreeAdaptor.h in Headers */ = {isa = PBXBuildFile; fileRef = F73E2B7A0A9D0AFC005D6267 /* ANTLRTreeAdaptor.h */; settings = {ATTRIBUTES = (Public, ); }; };
		F7492DF109C00E4800B25E30 /* TestStringStream.m in Sources */ = {isa = PBXBuildFile; fileRef = F7492DEE09C00E4500B25E30 /* TestStringStream.m */; };
		F7492F5C09C016A200B25E30 /* ANTLRBaseRecognizer.m in Sources */ = {isa = PBXBuildFile; fileRef = F7A4098C09659BF3002CC781 /* ANTLRBaseRecognizer.m */; };
		F7492F5D09C016A200B25E30 /* ANTLRBaseRecognizer.h in Headers */ = {isa = PBXBuildFile; fileRef = F7A4098B09659BF3002CC781 /* ANTLRBaseRecognizer.h */; settings = {ATTRIBUTES = (Public, ); }; };
		F7568FAF0AAB8C6E00F6FB41 /* ANTLRTree.m in Sources */ = {isa = PBXBuildFile; fileRef = F7568FAE0AAB8C6E00F6FB41 /* ANTLRTree.m */; };
		F763D4490A666D3D0061CD35 /* ANTLR.framework in Frameworks */ = {isa = PBXBuildFile; fileRef = 8DC2EF5B0486A6940098B216 /* ANTLR.framework */; };
		F763D51D0A6676590061CD35 /* Cocoa.framework in Frameworks */ = {isa = PBXBuildFile; fileRef = 1058C7B1FEA5585E11CA2CBB /* Cocoa.framework */; };
		F763D51E0A66765B0061CD35 /* CoreFoundation.framework in Frameworks */ = {isa = PBXBuildFile; fileRef = F71F6B8F09A81E6F003221F4 /* CoreFoundation.framework */; };
		F7754E3F0A5C0A0500D0873A /* ANTLRDFA.h in Headers */ = {isa = PBXBuildFile; fileRef = F7754E3D0A5C0A0500D0873A /* ANTLRDFA.h */; settings = {ATTRIBUTES = (Public, ); }; };
		F7754E400A5C0A0500D0873A /* ANTLRDFA.m in Sources */ = {isa = PBXBuildFile; fileRef = F7754E3E0A5C0A0500D0873A /* ANTLRDFA.m */; };
		F77765CC09DC583000517181 /* ANTLRToken.h in Headers */ = {isa = PBXBuildFile; fileRef = F77765CA09DC583000517181 /* ANTLRToken.h */; settings = {ATTRIBUTES = (Public, ); }; };
		F77765CD09DC583000517181 /* ANTLRToken.m in Sources */ = {isa = PBXBuildFile; fileRef = F77765CB09DC583000517181 /* ANTLRToken.m */; };
		F777660509DC5CF400517181 /* ANTLRCommonToken.h in Headers */ = {isa = PBXBuildFile; fileRef = F777660309DC5CF400517181 /* ANTLRCommonToken.h */; settings = {ATTRIBUTES = (Public, ); }; };
		F777660609DC5CF400517181 /* ANTLRCommonToken.m in Sources */ = {isa = PBXBuildFile; fileRef = F777660409DC5CF400517181 /* ANTLRCommonToken.m */; };
		F777668209DC719C00517181 /* ANTLRMismatchedTokenException.h in Headers */ = {isa = PBXBuildFile; fileRef = F777668009DC719C00517181 /* ANTLRMismatchedTokenException.h */; settings = {ATTRIBUTES = (Public, ); }; };
		F777668309DC719C00517181 /* ANTLRMismatchedTokenException.m in Sources */ = {isa = PBXBuildFile; fileRef = F777668109DC719C00517181 /* ANTLRMismatchedTokenException.m */; };
		F777669309DC72D600517181 /* ANTLRRecognitionException.h in Headers */ = {isa = PBXBuildFile; fileRef = F777669109DC72D600517181 /* ANTLRRecognitionException.h */; settings = {ATTRIBUTES = (Public, ); }; };
		F777669409DC72D600517181 /* ANTLRRecognitionException.m in Sources */ = {isa = PBXBuildFile; fileRef = F777669209DC72D600517181 /* ANTLRRecognitionException.m */; };
		F77766AF09DD53E800517181 /* ANTLRTokenStream.h in Headers */ = {isa = PBXBuildFile; fileRef = F77766AE09DD53E800517181 /* ANTLRTokenStream.h */; settings = {ATTRIBUTES = (Public, ); }; };
		F777678C09DD616600517181 /* ANTLRCharStream.h in Headers */ = {isa = PBXBuildFile; fileRef = F70AA7B509AA2B8800C3FD5E /* ANTLRCharStream.h */; settings = {ATTRIBUTES = (Public, ); }; };
		F777678E09DD618000517181 /* ANTLRLexer.h in Headers */ = {isa = PBXBuildFile; fileRef = F7A4099109659BFB002CC781 /* ANTLRLexer.h */; settings = {ATTRIBUTES = (Public, ); }; };
		F777678F09DD618100517181 /* ANTLRLexer.m in Sources */ = {isa = PBXBuildFile; fileRef = F7A4099209659BFB002CC781 /* ANTLRLexer.m */; };
		F79D56C10A0E287500EA3CEE /* main.m in Sources */ = {isa = PBXBuildFile; fileRef = F79D56C00A0E287500EA3CEE /* main.m */; };
		F79D598B0A0E51AB00EA3CEE /* ANTLRNoViableAltException.h in Headers */ = {isa = PBXBuildFile; fileRef = F79D59890A0E51AB00EA3CEE /* ANTLRNoViableAltException.h */; settings = {ATTRIBUTES = (Public, ); }; };
		F79D598C0A0E51AB00EA3CEE /* ANTLRNoViableAltException.m in Sources */ = {isa = PBXBuildFile; fileRef = F79D598A0A0E51AB00EA3CEE /* ANTLRNoViableAltException.m */; };
		F79D5AF60A0E634900EA3CEE /* ANTLR.framework in Frameworks */ = {isa = PBXBuildFile; fileRef = 8DC2EF5B0486A6940098B216 /* ANTLR.framework */; };
		F79D5AF70A0E634A00EA3CEE /* Foundation.framework in Frameworks */ = {isa = PBXBuildFile; fileRef = 0867D69BFE84028FC02AAC07 /* Foundation.framework */; };
		F79D5AF80A0E634A00EA3CEE /* Cocoa.framework in Frameworks */ = {isa = PBXBuildFile; fileRef = 1058C7B1FEA5585E11CA2CBB /* Cocoa.framework */; };
		F7A2E91A0A76AB9F0066CA1D /* SimpleC.m in Sources */ = {isa = PBXBuildFile; fileRef = F7A2E9170A76AB9F0066CA1D /* SimpleC.m */; };
		F7A2E91B0A76AB9F0066CA1D /* SimpleCLexer.m in Sources */ = {isa = PBXBuildFile; fileRef = F7A2E9190A76AB9F0066CA1D /* SimpleCLexer.m */; };
		F7A2E91E0A76D5740066CA1D /* FuzzyJava.h in CopyFiles */ = {isa = PBXBuildFile; fileRef = F7A2E91C0A76D5730066CA1D /* FuzzyJava.h */; };
		F7A2E91F0A76D5740066CA1D /* FuzzyJava.m in Sources */ = {isa = PBXBuildFile; fileRef = F7A2E91D0A76D5730066CA1D /* FuzzyJava.m */; };
		F7DD06040A7B1663006A006C /* Cocoa.framework in Frameworks */ = {isa = PBXBuildFile; fileRef = 1058C7B1FEA5585E11CA2CBB /* Cocoa.framework */; };
		F7DD06070A7B1664006A006C /* CoreFoundation.framework in Frameworks */ = {isa = PBXBuildFile; fileRef = F71F6B8F09A81E6F003221F4 /* CoreFoundation.framework */; };
		F7DD06300A7B1665006A006C /* Foundation.framework in Frameworks */ = {isa = PBXBuildFile; fileRef = 0867D69BFE84028FC02AAC07 /* Foundation.framework */; };
		F7DD06C50A7B1691006A006C /* ANTLR.framework in Frameworks */ = {isa = PBXBuildFile; fileRef = 8DC2EF5B0486A6940098B216 /* ANTLR.framework */; };
		F7DD06C60A7B16A5006A006C /* main.m in Sources */ = {isa = PBXBuildFile; fileRef = F7DD05E70A7B1572006A006C /* main.m */; };
		F7DD06E90A7B1700006A006C /* T.m in Sources */ = {isa = PBXBuildFile; fileRef = F7DD06E60A7B1700006A006C /* T.m */; };
		F7DD06EA0A7B1701006A006C /* TLexer.m in Sources */ = {isa = PBXBuildFile; fileRef = F7DD06E80A7B1700006A006C /* TLexer.m */; };
		F7DD074C0A7B6656006A006C /* ANTLR.framework in Frameworks */ = {isa = PBXBuildFile; fileRef = 8DC2EF5B0486A6940098B216 /* ANTLR.framework */; };
		F7DD074D0A7B665C006A006C /* Foundation.framework in Frameworks */ = {isa = PBXBuildFile; fileRef = 0867D69BFE84028FC02AAC07 /* Foundation.framework */; };
		F7DD074E0A7B665D006A006C /* Cocoa.framework in Frameworks */ = {isa = PBXBuildFile; fileRef = 1058C7B1FEA5585E11CA2CBB /* Cocoa.framework */; };
		F7DD074F0A7B665D006A006C /* CoreFoundation.framework in Frameworks */ = {isa = PBXBuildFile; fileRef = F71F6B8F09A81E6F003221F4 /* CoreFoundation.framework */; };
		F7DD07810A7B67A7006A006C /* main.m in Sources */ = {isa = PBXBuildFile; fileRef = F7DD07800A7B67A7006A006C /* main.m */; };
		F7DD07A60A7B6998006A006C /* SymtabTestParser.m in Sources */ = {isa = PBXBuildFile; fileRef = F7DD07A30A7B6998006A006C /* SymtabTestParser.m */; };
		F7DD07A70A7B6998006A006C /* SymtabTestParserLexer.m in Sources */ = {isa = PBXBuildFile; fileRef = F7DD07A50A7B6998006A006C /* SymtabTestParserLexer.m */; };
		F7E983950A0D6A5F00F16093 /* main.m in Sources */ = {isa = PBXBuildFile; fileRef = F7E983940A0D6A5F00F16093 /* main.m */; };
		F7E985580A0D865E00F16093 /* Foundation.framework in Frameworks */ = {isa = PBXBuildFile; fileRef = 0867D69BFE84028FC02AAC07 /* Foundation.framework */; };
		F7E985590A0D866000F16093 /* Cocoa.framework in Frameworks */ = {isa = PBXBuildFile; fileRef = 1058C7B1FEA5585E11CA2CBB /* Cocoa.framework */; };
		F7F218F0097AFB1A000472E9 /* ANTLRBitSet.h in Headers */ = {isa = PBXBuildFile; fileRef = F7F218EE097AFB1A000472E9 /* ANTLRBitSet.h */; settings = {ATTRIBUTES = (Public, ); }; };
		F7F218F1097AFB1A000472E9 /* ANTLRBitSet.m in Sources */ = {isa = PBXBuildFile; fileRef = F7F218EF097AFB1A000472E9 /* ANTLRBitSet.m */; };
		F7F4E9BA0A6E8B110092D087 /* Foundation.framework in Frameworks */ = {isa = PBXBuildFile; fileRef = 0867D69BFE84028FC02AAC07 /* Foundation.framework */; };
/* End PBXBuildFile section */

/* Begin PBXContainerItemProxy section */
		F700E8660A5FA32E005D0757 /* PBXContainerItemProxy */ = {
			isa = PBXContainerItemProxy;
			containerPortal = 0867D690FE84028FC02AAC07 /* Project object */;
			proxyType = 1;
			remoteGlobalIDString = 8DC2EF4F0486A6940098B216;
			remoteInfo = ANTLR;
		};
		F700F01F0A61498E005D0757 /* PBXContainerItemProxy */ = {
			isa = PBXContainerItemProxy;
			containerPortal = 0867D690FE84028FC02AAC07 /* Project object */;
			proxyType = 1;
			remoteGlobalIDString = 8DC2EF4F0486A6940098B216;
			remoteInfo = ANTLR;
		};
		F7037EA40A05AFCB0070435D /* PBXContainerItemProxy */ = {
			isa = PBXContainerItemProxy;
			containerPortal = 0867D690FE84028FC02AAC07 /* Project object */;
			proxyType = 1;
			remoteGlobalIDString = 8DC2EF4F0486A6940098B216;
			remoteInfo = ANTLR;
		};
		F7278F770A881AFA00575EAE /* PBXContainerItemProxy */ = {
			isa = PBXContainerItemProxy;
			containerPortal = 0867D690FE84028FC02AAC07 /* Project object */;
			proxyType = 1;
			remoteGlobalIDString = 8DC2EF4F0486A6940098B216;
			remoteInfo = ANTLR;
		};
		F72C5E5C0AB7E4C900282574 /* PBXContainerItemProxy */ = {
			isa = PBXContainerItemProxy;
			containerPortal = 0867D690FE84028FC02AAC07 /* Project object */;
			proxyType = 1;
			remoteGlobalIDString = 8DC2EF4F0486A6940098B216;
			remoteInfo = ANTLR;
		};
		F79D5AF10A0E632A00EA3CEE /* PBXContainerItemProxy */ = {
			isa = PBXContainerItemProxy;
			containerPortal = 0867D690FE84028FC02AAC07 /* Project object */;
			proxyType = 1;
			remoteGlobalIDString = 8DC2EF4F0486A6940098B216;
			remoteInfo = ANTLR;
		};
		F7DD05F30A7B1649006A006C /* PBXContainerItemProxy */ = {
			isa = PBXContainerItemProxy;
			containerPortal = 0867D690FE84028FC02AAC07 /* Project object */;
			proxyType = 1;
			remoteGlobalIDString = 8DC2EF4F0486A6940098B216;
			remoteInfo = ANTLR;
		};
		F7DD07500A7B6666006A006C /* PBXContainerItemProxy */ = {
			isa = PBXContainerItemProxy;
			containerPortal = 0867D690FE84028FC02AAC07 /* Project object */;
			proxyType = 1;
			remoteGlobalIDString = 8DC2EF4F0486A6940098B216;
			remoteInfo = ANTLR;
		};
/* End PBXContainerItemProxy section */

/* Begin PBXCopyFilesBuildPhase section */
		F706A5710A0EC357008999AB /* CopyFiles */ = {
			isa = PBXCopyFilesBuildPhase;
			buildActionMask = 2147483647;
			dstPath = "";
			dstSubfolderSpec = 16;
			files = (
				F7A2E91E0A76D5740066CA1D /* FuzzyJava.h in CopyFiles */,
			);
			runOnlyForDeploymentPostprocessing = 0;
		};
/* End PBXCopyFilesBuildPhase section */

/* Begin PBXFileReference section */
		0867D69BFE84028FC02AAC07 /* Foundation.framework */ = {isa = PBXFileReference; lastKnownFileType = wrapper.framework; name = Foundation.framework; path = /System/Library/Frameworks/Foundation.framework; sourceTree = "<absolute>"; };
		089C1667FE841158C02AAC07 /* English */ = {isa = PBXFileReference; fileEncoding = 10; lastKnownFileType = text.plist.strings; name = English; path = English.lproj/InfoPlist.strings; sourceTree = "<group>"; };
		1058C7B1FEA5585E11CA2CBB /* Cocoa.framework */ = {isa = PBXFileReference; lastKnownFileType = wrapper.framework; name = Cocoa.framework; path = /System/Library/Frameworks/Cocoa.framework; sourceTree = "<absolute>"; };
		32DBCF5E0370ADEE00C91783 /* ANTLR_Prefix.pch */ = {isa = PBXFileReference; fileEncoding = 4; lastKnownFileType = sourcecode.c.h; path = ANTLR_Prefix.pch; sourceTree = "<group>"; };
		8DC2EF5A0486A6940098B216 /* Info.plist */ = {isa = PBXFileReference; fileEncoding = 4; lastKnownFileType = text.plist; path = Info.plist; sourceTree = "<group>"; };
		8DC2EF5B0486A6940098B216 /* ANTLR.framework */ = {isa = PBXFileReference; explicitFileType = wrapper.framework; includeInIndex = 0; path = ANTLR.framework; sourceTree = BUILT_PRODUCTS_DIR; };
		F7009AD90A1BE4AE002EDD5D /* ANTLRLexerRuleReturnScope.h */ = {isa = PBXFileReference; fileEncoding = 4; lastKnownFileType = sourcecode.c.h; path = ANTLRLexerRuleReturnScope.h; sourceTree = "<group>"; };
		F7009ADA0A1BE4AE002EDD5D /* ANTLRLexerRuleReturnScope.m */ = {isa = PBXFileReference; fileEncoding = 4; lastKnownFileType = sourcecode.c.objc; path = ANTLRLexerRuleReturnScope.m; sourceTree = "<group>"; };
		F700E6190A5F66EC005D0757 /* ANTLREarlyExitException.h */ = {isa = PBXFileReference; fileEncoding = 4; lastKnownFileType = sourcecode.c.h; path = ANTLREarlyExitException.h; sourceTree = "<group>"; };
		F700E61A0A5F66EC005D0757 /* ANTLREarlyExitException.m */ = {isa = PBXFileReference; fileEncoding = 4; lastKnownFileType = sourcecode.c.objc; path = ANTLREarlyExitException.m; sourceTree = "<group>"; };
		F700E85E0A5FA2DE005D0757 /* Combined.g */ = {isa = PBXFileReference; fileEncoding = 30; lastKnownFileType = text; name = Combined.g; path = combined/Combined.g; sourceTree = "<group>"; };
		F700E8640A5FA31D005D0757 /* combined */ = {isa = PBXFileReference; explicitFileType = "compiled.mach-o.executable"; includeInIndex = 0; path = combined; sourceTree = BUILT_PRODUCTS_DIR; };
		F700E86A0A5FA34D005D0757 /* main.m */ = {isa = PBXFileReference; fileEncoding = 4; lastKnownFileType = sourcecode.c.objc; name = main.m; path = combined/main.m; sourceTree = "<group>"; };
		F700E8F90A5FAD21005D0757 /* ANTLRParser.h */ = {isa = PBXFileReference; fileEncoding = 4; lastKnownFileType = sourcecode.c.h; path = ANTLRParser.h; sourceTree = "<group>"; };
		F700E8FA0A5FAD21005D0757 /* ANTLRParser.m */ = {isa = PBXFileReference; fileEncoding = 4; lastKnownFileType = sourcecode.c.objc; path = ANTLRParser.m; sourceTree = "<group>"; };
		F700ECCF0A5FE176005D0757 /* input */ = {isa = PBXFileReference; fileEncoding = 30; lastKnownFileType = text; path = input; sourceTree = "<group>"; };
		F700ECD00A5FE176005D0757 /* output */ = {isa = PBXFileReference; fileEncoding = 30; lastKnownFileType = text; path = output; sourceTree = "<group>"; };
		F700ECD10A5FE176005D0757 /* simplec.g */ = {isa = PBXFileReference; fileEncoding = 30; lastKnownFileType = text; path = simplec.g; sourceTree = "<group>"; };
		F700ECD70A5FE186005D0757 /* LL-star */ = {isa = PBXFileReference; explicitFileType = "compiled.mach-o.executable"; includeInIndex = 0; path = "LL-star"; sourceTree = BUILT_PRODUCTS_DIR; };
		F700ECE70A5FE25D005D0757 /* main.m */ = {isa = PBXFileReference; fileEncoding = 4; lastKnownFileType = sourcecode.c.objc; path = main.m; sourceTree = "<group>"; };
		F700ED7E0A5FF17C005D0757 /* ANTLRTokenSource.h */ = {isa = PBXFileReference; fileEncoding = 4; lastKnownFileType = sourcecode.c.h; path = ANTLRTokenSource.h; sourceTree = "<group>"; };
		F700ED940A5FF2A5005D0757 /* ANTLRCommonTokenStream.h */ = {isa = PBXFileReference; fileEncoding = 4; lastKnownFileType = sourcecode.c.h; path = ANTLRCommonTokenStream.h; sourceTree = "<group>"; };
		F700ED950A5FF2A5005D0757 /* ANTLRCommonTokenStream.m */ = {isa = PBXFileReference; fileEncoding = 4; lastKnownFileType = sourcecode.c.objc; path = ANTLRCommonTokenStream.m; sourceTree = "<group>"; };
		F7037CEE0A0582FC0070435D /* ANTLRMismatchedRangeException.h */ = {isa = PBXFileReference; fileEncoding = 4; lastKnownFileType = sourcecode.c.h; path = ANTLRMismatchedRangeException.h; sourceTree = "<group>"; };
		F7037CEF0A0582FC0070435D /* ANTLRMismatchedRangeException.m */ = {isa = PBXFileReference; fileEncoding = 4; lastKnownFileType = sourcecode.c.objc; path = ANTLRMismatchedRangeException.m; sourceTree = "<group>"; };
		F7037EA00A05AFB60070435D /* lexertest-simple */ = {isa = PBXFileReference; explicitFileType = "compiled.mach-o.executable"; includeInIndex = 0; path = "lexertest-simple"; sourceTree = BUILT_PRODUCTS_DIR; };
		F7037EBD0A05B06B0070435D /* lexer.g */ = {isa = PBXFileReference; fileEncoding = 30; lastKnownFileType = text; path = lexer.g; sourceTree = "<group>"; };
		F70380BA0A07FA0D0070435D /* ANTLRMismatchedSetException.h */ = {isa = PBXFileReference; fileEncoding = 4; lastKnownFileType = sourcecode.c.h; path = ANTLRMismatchedSetException.h; sourceTree = "<group>"; };
		F70380BB0A07FA0D0070435D /* ANTLRMismatchedSetException.m */ = {isa = PBXFileReference; fileEncoding = 4; lastKnownFileType = sourcecode.c.objc; path = ANTLRMismatchedSetException.m; sourceTree = "<group>"; };
		F706A55B0A0EC307008999AB /* input */ = {isa = PBXFileReference; fileEncoding = 30; lastKnownFileType = text; path = input; sourceTree = "<group>"; };
		F70AA7A509AA2A6900C3FD5E /* ANTLR.h */ = {isa = PBXFileReference; fileEncoding = 4; lastKnownFileType = sourcecode.c.h; path = ANTLR.h; sourceTree = "<group>"; };
		F70AA7AD09AA2AC000C3FD5E /* ANTLRIntStream.h */ = {isa = PBXFileReference; fileEncoding = 4; lastKnownFileType = sourcecode.c.h; path = ANTLRIntStream.h; sourceTree = "<group>"; };
		F70AA7B509AA2B8800C3FD5E /* ANTLRCharStream.h */ = {isa = PBXFileReference; fileEncoding = 4; lastKnownFileType = sourcecode.c.h; path = ANTLRCharStream.h; sourceTree = "<group>"; };
		F70AA7C509AA339900C3FD5E /* ANTLRStringStream.h */ = {isa = PBXFileReference; fileEncoding = 4; lastKnownFileType = sourcecode.c.h; path = ANTLRStringStream.h; sourceTree = "<group>"; };
		F70AA7C609AA339900C3FD5E /* ANTLRStringStream.m */ = {isa = PBXFileReference; fileEncoding = 4; lastKnownFileType = sourcecode.c.objc; path = ANTLRStringStream.m; sourceTree = "<group>"; };
		F70AA7CD09AA379300C3FD5E /* ANTLRStringStreamState.h */ = {isa = PBXFileReference; fileEncoding = 4; lastKnownFileType = sourcecode.c.h; path = ANTLRStringStreamState.h; sourceTree = "<group>"; };
		F70AA7CE09AA379300C3FD5E /* ANTLRStringStreamState.m */ = {isa = PBXFileReference; fileEncoding = 4; lastKnownFileType = sourcecode.c.objc; path = ANTLRStringStreamState.m; sourceTree = "<group>"; };
		F70BB380098E5AFF0054FEF8 /* Test.octest */ = {isa = PBXFileReference; explicitFileType = wrapper.cfbundle; includeInIndex = 0; path = Test.octest; sourceTree = BUILT_PRODUCTS_DIR; };
		F70BB381098E5B000054FEF8 /* Test-Info.plist */ = {isa = PBXFileReference; lastKnownFileType = text.xml; path = "Test-Info.plist"; sourceTree = "<group>"; };
		F70BB390098E5BB80054FEF8 /* SenTestingKit.framework */ = {isa = PBXFileReference; lastKnownFileType = wrapper.framework; name = SenTestingKit.framework; path = /System/Library/Frameworks/SenTestingKit.framework; sourceTree = "<absolute>"; };
		F70BB39B098E62740054FEF8 /* TestBitSet.h */ = {isa = PBXFileReference; fileEncoding = 4; lastKnownFileType = sourcecode.c.h; name = TestBitSet.h; path = tests/TestBitSet.h; sourceTree = "<group>"; };
		F70BB39C098E62740054FEF8 /* TestBitSet.m */ = {isa = PBXFileReference; fileEncoding = 4; lastKnownFileType = sourcecode.c.objc; name = TestBitSet.m; path = tests/TestBitSet.m; sourceTree = "<group>"; };
		F71F6B8F09A81E6F003221F4 /* CoreFoundation.framework */ = {isa = PBXFileReference; lastKnownFileType = wrapper.framework; name = CoreFoundation.framework; path = /System/Library/Frameworks/CoreFoundation.framework; sourceTree = "<absolute>"; };
		F7278F4A0A88136D00575EAE /* returnscopes.g */ = {isa = PBXFileReference; fileEncoding = 4; lastKnownFileType = text; path = returnscopes.g; sourceTree = "<group>"; };
		F7278F570A8814A900575EAE /* ReturnScopes.h */ = {isa = PBXFileReference; fileEncoding = 4; lastKnownFileType = sourcecode.c.h; path = ReturnScopes.h; sourceTree = "<group>"; };
		F7278F580A8814A900575EAE /* ReturnScopes.m */ = {isa = PBXFileReference; fileEncoding = 4; lastKnownFileType = sourcecode.c.objc; path = ReturnScopes.m; sourceTree = "<group>"; };
		F7278F590A8814A900575EAE /* ReturnScopesLexer.h */ = {isa = PBXFileReference; fileEncoding = 4; lastKnownFileType = sourcecode.c.h; path = ReturnScopesLexer.h; sourceTree = "<group>"; };
		F7278F5A0A8814A900575EAE /* ReturnScopesLexer.m */ = {isa = PBXFileReference; fileEncoding = 4; lastKnownFileType = sourcecode.c.objc; path = ReturnScopesLexer.m; sourceTree = "<group>"; };
		F7278F840A881AFA00575EAE /* returnscopes */ = {isa = PBXFileReference; explicitFileType = "compiled.mach-o.executable"; includeInIndex = 0; path = returnscopes; sourceTree = BUILT_PRODUCTS_DIR; };
		F72C56DC0AB3411000282574 /* ANTLRTreeAdaptor.m */ = {isa = PBXFileReference; fileEncoding = 4; lastKnownFileType = sourcecode.c.objc; path = ANTLRTreeAdaptor.m; sourceTree = "<group>"; };
		F72C58E80AB3911D00282574 /* ANTLRCommonTree.h */ = {isa = PBXFileReference; fileEncoding = 4; lastKnownFileType = sourcecode.c.h; path = ANTLRCommonTree.h; sourceTree = "<group>"; };
		F72C58E90AB3911D00282574 /* ANTLRCommonTree.m */ = {isa = PBXFileReference; fileEncoding = 4; lastKnownFileType = sourcecode.c.objc; path = ANTLRCommonTree.m; sourceTree = "<group>"; };
		F72C59A50AB4F20A00282574 /* ANTLRCommonTreeAdaptor.h */ = {isa = PBXFileReference; fileEncoding = 4; lastKnownFileType = sourcecode.c.h; path = ANTLRCommonTreeAdaptor.h; sourceTree = "<group>"; };
		F72C59A60AB4F20A00282574 /* ANTLRCommonTreeAdaptor.m */ = {isa = PBXFileReference; fileEncoding = 4; lastKnownFileType = sourcecode.c.objc; path = ANTLRCommonTreeAdaptor.m; sourceTree = "<group>"; };
		F72C5B820AB52AD300282574 /* ANTLRTreeNodeStream.h */ = {isa = PBXFileReference; fileEncoding = 4; lastKnownFileType = sourcecode.c.h; path = ANTLRTreeNodeStream.h; sourceTree = "<group>"; };
		F72C5B8E0AB52B5B00282574 /* ANTLRCommonTreeNodeStream.h */ = {isa = PBXFileReference; fileEncoding = 4; lastKnownFileType = sourcecode.c.h; path = ANTLRCommonTreeNodeStream.h; sourceTree = "<group>"; };
		F72C5B8F0AB52B5B00282574 /* ANTLRCommonTreeNodeStream.m */ = {isa = PBXFileReference; fileEncoding = 4; lastKnownFileType = sourcecode.c.objc; path = ANTLRCommonTreeNodeStream.m; sourceTree = "<group>"; };
		F72C5C1F0AB54A9300282574 /* ANTLRCommonTreeNodeStreamState.h */ = {isa = PBXFileReference; fileEncoding = 4; lastKnownFileType = sourcecode.c.h; path = ANTLRCommonTreeNodeStreamState.h; sourceTree = "<group>"; };
		F72C5C200AB54A9300282574 /* ANTLRCommonTreeNodeStreamState.m */ = {isa = PBXFileReference; fileEncoding = 4; lastKnownFileType = sourcecode.c.objc; path = ANTLRCommonTreeNodeStreamState.m; sourceTree = "<group>"; };
		F72C5D540AB63C1D00282574 /* ANTLRTreeParser.h */ = {isa = PBXFileReference; fileEncoding = 4; lastKnownFileType = sourcecode.c.h; path = ANTLRTreeParser.h; sourceTree = "<group>"; };
		F72C5D550AB63C1D00282574 /* ANTLRTreeParser.m */ = {isa = PBXFileReference; fileEncoding = 4; lastKnownFileType = sourcecode.c.objc; path = ANTLRTreeParser.m; sourceTree = "<group>"; };
		F72C5D600AB63E0B00282574 /* ANTLRMismatchedTreeNodeException.h */ = {isa = PBXFileReference; fileEncoding = 4; lastKnownFileType = sourcecode.c.h; path = ANTLRMismatchedTreeNodeException.h; sourceTree = "<group>"; };
		F72C5D610AB63E0B00282574 /* ANTLRMismatchedTreeNodeException.m */ = {isa = PBXFileReference; fileEncoding = 4; lastKnownFileType = sourcecode.c.objc; path = ANTLRMismatchedTreeNodeException.m; sourceTree = "<group>"; };
		F72C5E2E0AB7529C00282574 /* files */ = {isa = PBXFileReference; fileEncoding = 4; lastKnownFileType = text; path = files; sourceTree = "<group>"; };
		F72C5E2F0AB7529C00282574 /* input */ = {isa = PBXFileReference; fileEncoding = 4; lastKnownFileType = text; path = input; sourceTree = "<group>"; };
		F72C5E300AB7529C00282574 /* Main.java */ = {isa = PBXFileReference; fileEncoding = 4; lastKnownFileType = sourcecode.java; path = Main.java; sourceTree = "<group>"; };
		F72C5E310AB7529C00282574 /* output */ = {isa = PBXFileReference; fileEncoding = 4; lastKnownFileType = text; path = output; sourceTree = "<group>"; };
		F72C5E320AB7529C00282574 /* simplec.g */ = {isa = PBXFileReference; fileEncoding = 4; lastKnownFileType = text; path = simplec.g; sourceTree = "<group>"; };
		F72C5E330AB7529C00282574 /* SimpleC.h */ = {isa = PBXFileReference; fileEncoding = 4; lastKnownFileType = sourcecode.c.h; path = SimpleC.h; sourceTree = "<group>"; };
		F72C5E340AB7529C00282574 /* SimpleC.lexer.g */ = {isa = PBXFileReference; fileEncoding = 4; lastKnownFileType = text; path = SimpleC.lexer.g; sourceTree = "<group>"; };
		F72C5E350AB7529C00282574 /* SimpleC.m */ = {isa = PBXFileReference; fileEncoding = 4; lastKnownFileType = sourcecode.c.objc; path = SimpleC.m; sourceTree = "<group>"; };
		F72C5E360AB7529C00282574 /* SimpleC.tokens */ = {isa = PBXFileReference; fileEncoding = 4; lastKnownFileType = text; path = SimpleC.tokens; sourceTree = "<group>"; };
		F72C5E370AB7529C00282574 /* SimpleCLexer.h */ = {isa = PBXFileReference; fileEncoding = 4; lastKnownFileType = sourcecode.c.h; path = SimpleCLexer.h; sourceTree = "<group>"; };
		F72C5E380AB7529C00282574 /* SimpleCLexer.m */ = {isa = PBXFileReference; fileEncoding = 4; lastKnownFileType = sourcecode.c.objc; path = SimpleCLexer.m; sourceTree = "<group>"; };
		F72C5E390AB7529C00282574 /* SimpleCLexer.tokens */ = {isa = PBXFileReference; fileEncoding = 4; lastKnownFileType = text; path = SimpleCLexer.tokens; sourceTree = "<group>"; };
		F72C5E3A0AB7529C00282574 /* simplecTP.g */ = {isa = PBXFileReference; fileEncoding = 4; lastKnownFileType = text; path = simplecTP.g; sourceTree = "<group>"; };
		F72C5E560AB7E41000282574 /* main.m */ = {isa = PBXFileReference; fileEncoding = 4; lastKnownFileType = sourcecode.c.objc; path = main.m; sourceTree = "<group>"; };
		F72C5E690AB7E4C900282574 /* simplectree */ = {isa = PBXFileReference; explicitFileType = "compiled.mach-o.executable"; includeInIndex = 0; path = simplectree; sourceTree = BUILT_PRODUCTS_DIR; };
		F72C5ECC0AB7E5A500282574 /* ANTLRParserRuleReturnScope.h */ = {isa = PBXFileReference; fileEncoding = 4; lastKnownFileType = sourcecode.c.h; path = ANTLRParserRuleReturnScope.h; sourceTree = "<group>"; };
		F72C5ECD0AB7E5A500282574 /* ANTLRParserRuleReturnScope.m */ = {isa = PBXFileReference; fileEncoding = 4; lastKnownFileType = sourcecode.c.objc; path = ANTLRParserRuleReturnScope.m; sourceTree = "<group>"; };
		F73E2B720A9CFE6A005D6267 /* ANTLRTree.h */ = {isa = PBXFileReference; fileEncoding = 4; lastKnownFileType = sourcecode.c.h; path = ANTLRTree.h; sourceTree = "<group>"; };
		F73E2B7A0A9D0AFC005D6267 /* ANTLRTreeAdaptor.h */ = {isa = PBXFileReference; fileEncoding = 4; lastKnownFileType = sourcecode.c.h; path = ANTLRTreeAdaptor.h; sourceTree = "<group>"; };
		F7492DED09C00E4500B25E30 /* TestStringStream.h */ = {isa = PBXFileReference; fileEncoding = 4; lastKnownFileType = sourcecode.c.h; path = TestStringStream.h; sourceTree = "<group>"; };
		F7492DEE09C00E4500B25E30 /* TestStringStream.m */ = {isa = PBXFileReference; fileEncoding = 4; lastKnownFileType = sourcecode.c.objc; path = TestStringStream.m; sourceTree = "<group>"; };
		F7568FAE0AAB8C6E00F6FB41 /* ANTLRTree.m */ = {isa = PBXFileReference; fileEncoding = 4; lastKnownFileType = sourcecode.c.objc; path = ANTLRTree.m; sourceTree = "<group>"; };
		F7754E3D0A5C0A0500D0873A /* ANTLRDFA.h */ = {isa = PBXFileReference; fileEncoding = 4; lastKnownFileType = sourcecode.c.h; path = ANTLRDFA.h; sourceTree = "<group>"; };
		F7754E3E0A5C0A0500D0873A /* ANTLRDFA.m */ = {isa = PBXFileReference; fileEncoding = 4; lastKnownFileType = sourcecode.c.objc; path = ANTLRDFA.m; sourceTree = "<group>"; };
		F77765CA09DC583000517181 /* ANTLRToken.h */ = {isa = PBXFileReference; fileEncoding = 4; lastKnownFileType = sourcecode.c.h; path = ANTLRToken.h; sourceTree = "<group>"; };
		F77765CB09DC583000517181 /* ANTLRToken.m */ = {isa = PBXFileReference; fileEncoding = 4; lastKnownFileType = sourcecode.c.objc; path = ANTLRToken.m; sourceTree = "<group>"; };
		F777660309DC5CF400517181 /* ANTLRCommonToken.h */ = {isa = PBXFileReference; fileEncoding = 4; lastKnownFileType = sourcecode.c.h; path = ANTLRCommonToken.h; sourceTree = "<group>"; };
		F777660409DC5CF400517181 /* ANTLRCommonToken.m */ = {isa = PBXFileReference; fileEncoding = 4; lastKnownFileType = sourcecode.c.objc; path = ANTLRCommonToken.m; sourceTree = "<group>"; };
		F777668009DC719C00517181 /* ANTLRMismatchedTokenException.h */ = {isa = PBXFileReference; fileEncoding = 4; lastKnownFileType = sourcecode.c.h; path = ANTLRMismatchedTokenException.h; sourceTree = "<group>"; };
		F777668109DC719C00517181 /* ANTLRMismatchedTokenException.m */ = {isa = PBXFileReference; fileEncoding = 4; lastKnownFileType = sourcecode.c.objc; path = ANTLRMismatchedTokenException.m; sourceTree = "<group>"; };
		F777669109DC72D600517181 /* ANTLRRecognitionException.h */ = {isa = PBXFileReference; fileEncoding = 4; lastKnownFileType = sourcecode.c.h; path = ANTLRRecognitionException.h; sourceTree = "<group>"; };
		F777669209DC72D600517181 /* ANTLRRecognitionException.m */ = {isa = PBXFileReference; fileEncoding = 4; lastKnownFileType = sourcecode.c.objc; path = ANTLRRecognitionException.m; sourceTree = "<group>"; };
		F77766AE09DD53E800517181 /* ANTLRTokenStream.h */ = {isa = PBXFileReference; fileEncoding = 4; lastKnownFileType = sourcecode.c.h; path = ANTLRTokenStream.h; sourceTree = "<group>"; };
		F79D565A0A0E238100EA3CEE /* java.g */ = {isa = PBXFileReference; fileEncoding = 30; lastKnownFileType = text; path = java.g; sourceTree = "<group>"; };
		F79D56600A0E23A400EA3CEE /* fuzzy */ = {isa = PBXFileReference; explicitFileType = "compiled.mach-o.executable"; includeInIndex = 0; path = fuzzy; sourceTree = BUILT_PRODUCTS_DIR; };
		F79D56C00A0E287500EA3CEE /* main.m */ = {isa = PBXFileReference; fileEncoding = 4; lastKnownFileType = sourcecode.c.objc; path = main.m; sourceTree = "<group>"; };
		F79D59890A0E51AB00EA3CEE /* ANTLRNoViableAltException.h */ = {isa = PBXFileReference; fileEncoding = 4; lastKnownFileType = sourcecode.c.h; path = ANTLRNoViableAltException.h; sourceTree = "<group>"; };
		F79D598A0A0E51AB00EA3CEE /* ANTLRNoViableAltException.m */ = {isa = PBXFileReference; fileEncoding = 4; lastKnownFileType = sourcecode.c.objc; path = ANTLRNoViableAltException.m; sourceTree = "<group>"; };
		F7A2E9160A76AB9F0066CA1D /* SimpleC.h */ = {isa = PBXFileReference; fileEncoding = 30; lastKnownFileType = sourcecode.c.h; path = SimpleC.h; sourceTree = "<group>"; };
		F7A2E9170A76AB9F0066CA1D /* SimpleC.m */ = {isa = PBXFileReference; fileEncoding = 30; lastKnownFileType = sourcecode.c.objc; path = SimpleC.m; sourceTree = "<group>"; };
		F7A2E9180A76AB9F0066CA1D /* SimpleCLexer.h */ = {isa = PBXFileReference; fileEncoding = 30; lastKnownFileType = sourcecode.c.h; path = SimpleCLexer.h; sourceTree = "<group>"; };
		F7A2E9190A76AB9F0066CA1D /* SimpleCLexer.m */ = {isa = PBXFileReference; fileEncoding = 30; lastKnownFileType = sourcecode.c.objc; path = SimpleCLexer.m; sourceTree = "<group>"; };
		F7A2E91C0A76D5730066CA1D /* FuzzyJava.h */ = {isa = PBXFileReference; fileEncoding = 30; lastKnownFileType = sourcecode.c.h; path = FuzzyJava.h; sourceTree = "<group>"; };
		F7A2E91D0A76D5730066CA1D /* FuzzyJava.m */ = {isa = PBXFileReference; fileEncoding = 30; lastKnownFileType = sourcecode.c.objc; path = FuzzyJava.m; sourceTree = "<group>"; };
		F7A4098B09659BF3002CC781 /* ANTLRBaseRecognizer.h */ = {isa = PBXFileReference; fileEncoding = 4; lastKnownFileType = sourcecode.c.h; path = ANTLRBaseRecognizer.h; sourceTree = "<group>"; };
		F7A4098C09659BF3002CC781 /* ANTLRBaseRecognizer.m */ = {isa = PBXFileReference; fileEncoding = 4; lastKnownFileType = sourcecode.c.objc; path = ANTLRBaseRecognizer.m; sourceTree = "<group>"; };
		F7A4099109659BFB002CC781 /* ANTLRLexer.h */ = {isa = PBXFileReference; fileEncoding = 4; lastKnownFileType = sourcecode.c.h; path = ANTLRLexer.h; sourceTree = "<group>"; };
		F7A4099209659BFB002CC781 /* ANTLRLexer.m */ = {isa = PBXFileReference; fileEncoding = 4; lastKnownFileType = sourcecode.c.objc; path = ANTLRLexer.m; sourceTree = "<group>"; };
		F7DD05E20A7B14BE006A006C /* input */ = {isa = PBXFileReference; fileEncoding = 30; lastKnownFileType = text; path = input; sourceTree = "<group>"; };
		F7DD05E30A7B14BE006A006C /* output */ = {isa = PBXFileReference; fileEncoding = 30; lastKnownFileType = text; path = output; sourceTree = "<group>"; };
		F7DD05E40A7B14BE006A006C /* t.g */ = {isa = PBXFileReference; fileEncoding = 30; lastKnownFileType = text; path = t.g; sourceTree = "<group>"; };
		F7DD05E70A7B1572006A006C /* main.m */ = {isa = PBXFileReference; fileEncoding = 4; lastKnownFileType = sourcecode.c.objc; path = main.m; sourceTree = "<group>"; };
		F7DD05EE0A7B15E1006A006C /* hoistedPredicates */ = {isa = PBXFileReference; explicitFileType = "compiled.mach-o.executable"; includeInIndex = 0; path = hoistedPredicates; sourceTree = BUILT_PRODUCTS_DIR; };
		F7DD06E50A7B1700006A006C /* T.h */ = {isa = PBXFileReference; fileEncoding = 30; lastKnownFileType = sourcecode.c.h; path = T.h; sourceTree = "<group>"; };
		F7DD06E60A7B1700006A006C /* T.m */ = {isa = PBXFileReference; fileEncoding = 30; lastKnownFileType = sourcecode.c.objc; path = T.m; sourceTree = "<group>"; };
		F7DD06E70A7B1700006A006C /* TLexer.h */ = {isa = PBXFileReference; fileEncoding = 30; lastKnownFileType = sourcecode.c.h; path = TLexer.h; sourceTree = "<group>"; };
		F7DD06E80A7B1700006A006C /* TLexer.m */ = {isa = PBXFileReference; fileEncoding = 30; lastKnownFileType = sourcecode.c.objc; path = TLexer.m; sourceTree = "<group>"; };
		F7DD073C0A7B660A006A006C /* input */ = {isa = PBXFileReference; fileEncoding = 30; lastKnownFileType = text; path = input; sourceTree = "<group>"; };
		F7DD073D0A7B660A006A006C /* output */ = {isa = PBXFileReference; fileEncoding = 30; lastKnownFileType = text; path = output; sourceTree = "<group>"; };
		F7DD073E0A7B660A006A006C /* symtab.g */ = {isa = PBXFileReference; fileEncoding = 30; lastKnownFileType = text; path = symtab.g; sourceTree = "<group>"; };
		F7DD07440A7B6618006A006C /* scopes */ = {isa = PBXFileReference; explicitFileType = "compiled.mach-o.executable"; includeInIndex = 0; path = scopes; sourceTree = BUILT_PRODUCTS_DIR; };
		F7DD07800A7B67A7006A006C /* main.m */ = {isa = PBXFileReference; fileEncoding = 4; lastKnownFileType = sourcecode.c.objc; path = main.m; sourceTree = "<group>"; };
		F7DD07A20A7B6998006A006C /* SymtabTestParser.h */ = {isa = PBXFileReference; fileEncoding = 30; lastKnownFileType = sourcecode.c.h; path = SymtabTestParser.h; sourceTree = "<group>"; };
		F7DD07A30A7B6998006A006C /* SymtabTestParser.m */ = {isa = PBXFileReference; fileEncoding = 30; lastKnownFileType = sourcecode.c.objc; path = SymtabTestParser.m; sourceTree = "<group>"; };
		F7DD07A40A7B6998006A006C /* SymtabTestParserLexer.h */ = {isa = PBXFileReference; fileEncoding = 30; lastKnownFileType = sourcecode.c.h; path = SymtabTestParserLexer.h; sourceTree = "<group>"; };
		F7DD07A50A7B6998006A006C /* SymtabTestParserLexer.m */ = {isa = PBXFileReference; fileEncoding = 30; lastKnownFileType = sourcecode.c.objc; path = SymtabTestParserLexer.m; sourceTree = "<group>"; };
		F7E983940A0D6A5F00F16093 /* main.m */ = {isa = PBXFileReference; fileEncoding = 4; lastKnownFileType = sourcecode.c.objc; path = main.m; sourceTree = "<group>"; };
		F7F218EE097AFB1A000472E9 /* ANTLRBitSet.h */ = {isa = PBXFileReference; fileEncoding = 4; lastKnownFileType = sourcecode.c.h; path = ANTLRBitSet.h; sourceTree = "<group>"; };
		F7F218EF097AFB1A000472E9 /* ANTLRBitSet.m */ = {isa = PBXFileReference; fileEncoding = 4; lastKnownFileType = sourcecode.c.objc; path = ANTLRBitSet.m; sourceTree = "<group>"; };
/* End PBXFileReference section */

/* Begin PBXFrameworksBuildPhase section */
		8DC2EF560486A6940098B216 /* Frameworks */ = {
			isa = PBXFrameworksBuildPhase;
			buildActionMask = 2147483647;
			files = (
				F763D51D0A6676590061CD35 /* Cocoa.framework in Frameworks */,
				F763D51E0A66765B0061CD35 /* CoreFoundation.framework in Frameworks */,
			);
			runOnlyForDeploymentPostprocessing = 0;
		};
		F700E8620A5FA31D005D0757 /* Frameworks */ = {
			isa = PBXFrameworksBuildPhase;
			buildActionMask = 2147483647;
			files = (
				F700ECA40A5FDF1A005D0757 /* CoreFoundation.framework in Frameworks */,
				F700ECA50A5FDF1A005D0757 /* Cocoa.framework in Frameworks */,
				F700EC670A5FDF0D005D0757 /* ANTLR.framework in Frameworks */,
			);
			runOnlyForDeploymentPostprocessing = 0;
		};
		F700ECD50A5FE186005D0757 /* Frameworks */ = {
			isa = PBXFrameworksBuildPhase;
			buildActionMask = 2147483647;
			files = (
				F7F4E9BA0A6E8B110092D087 /* Foundation.framework in Frameworks */,
				F763D4490A666D3D0061CD35 /* ANTLR.framework in Frameworks */,
				F700ECD90A5FE19A005D0757 /* CoreFoundation.framework in Frameworks */,
				F700ECDA0A5FE19A005D0757 /* Cocoa.framework in Frameworks */,
			);
			runOnlyForDeploymentPostprocessing = 0;
		};
		F7037E9E0A05AFB60070435D /* Frameworks */ = {
			isa = PBXFrameworksBuildPhase;
			buildActionMask = 2147483647;
			files = (
				F7037EA60A05AFD70070435D /* ANTLR.framework in Frameworks */,
				F7E985580A0D865E00F16093 /* Foundation.framework in Frameworks */,
				F7E985590A0D866000F16093 /* Cocoa.framework in Frameworks */,
			);
			runOnlyForDeploymentPostprocessing = 0;
		};
		F70BB37D098E5AFF0054FEF8 /* Frameworks */ = {
			isa = PBXFrameworksBuildPhase;
			buildActionMask = 2147483647;
			files = (
				F71F6A0509A8159F003221F4 /* ANTLR.framework in Frameworks */,
				F70BB391098E5BB80054FEF8 /* SenTestingKit.framework in Frameworks */,
				F71F6B9009A81E6F003221F4 /* CoreFoundation.framework in Frameworks */,
			);
			runOnlyForDeploymentPostprocessing = 0;
		};
		F7278F7C0A881AFA00575EAE /* Frameworks */ = {
			isa = PBXFrameworksBuildPhase;
			buildActionMask = 2147483647;
			files = (
				F7278F7D0A881AFA00575EAE /* ANTLR.framework in Frameworks */,
				F7278F7E0A881AFA00575EAE /* Foundation.framework in Frameworks */,
				F7278F7F0A881AFA00575EAE /* Cocoa.framework in Frameworks */,
				F7278F800A881AFA00575EAE /* CoreFoundation.framework in Frameworks */,
			);
			runOnlyForDeploymentPostprocessing = 0;
		};
		F72C5E610AB7E4C900282574 /* Frameworks */ = {
			isa = PBXFrameworksBuildPhase;
			buildActionMask = 2147483647;
			files = (
				F72C5E620AB7E4C900282574 /* ANTLR.framework in Frameworks */,
				F72C5E630AB7E4C900282574 /* Foundation.framework in Frameworks */,
				F72C5E640AB7E4C900282574 /* Cocoa.framework in Frameworks */,
				F72C5E650AB7E4C900282574 /* CoreFoundation.framework in Frameworks */,
			);
			runOnlyForDeploymentPostprocessing = 0;
		};
		F79D565E0A0E23A400EA3CEE /* Frameworks */ = {
			isa = PBXFrameworksBuildPhase;
			buildActionMask = 2147483647;
			files = (
				F79D5AF60A0E634900EA3CEE /* ANTLR.framework in Frameworks */,
				F79D5AF70A0E634A00EA3CEE /* Foundation.framework in Frameworks */,
				F79D5AF80A0E634A00EA3CEE /* Cocoa.framework in Frameworks */,
			);
			runOnlyForDeploymentPostprocessing = 0;
		};
		F7DD05EC0A7B15E1006A006C /* Frameworks */ = {
			isa = PBXFrameworksBuildPhase;
			buildActionMask = 2147483647;
			files = (
				F7DD06040A7B1663006A006C /* Cocoa.framework in Frameworks */,
				F7DD06070A7B1664006A006C /* CoreFoundation.framework in Frameworks */,
				F7DD06300A7B1665006A006C /* Foundation.framework in Frameworks */,
				F7DD06C50A7B1691006A006C /* ANTLR.framework in Frameworks */,
			);
			runOnlyForDeploymentPostprocessing = 0;
		};
		F7DD07420A7B6618006A006C /* Frameworks */ = {
			isa = PBXFrameworksBuildPhase;
			buildActionMask = 2147483647;
			files = (
				F7DD074C0A7B6656006A006C /* ANTLR.framework in Frameworks */,
				F7DD074D0A7B665C006A006C /* Foundation.framework in Frameworks */,
				F7DD074E0A7B665D006A006C /* Cocoa.framework in Frameworks */,
				F7DD074F0A7B665D006A006C /* CoreFoundation.framework in Frameworks */,
			);
			runOnlyForDeploymentPostprocessing = 0;
		};
/* End PBXFrameworksBuildPhase section */

/* Begin PBXGroup section */
		034768DFFF38A50411DB9C8B /* Products */ = {
			isa = PBXGroup;
			children = (
				8DC2EF5B0486A6940098B216 /* ANTLR.framework */,
				F70BB380098E5AFF0054FEF8 /* Test.octest */,
				F7037EA00A05AFB60070435D /* lexertest-simple */,
				F79D56600A0E23A400EA3CEE /* fuzzy */,
				F700E8640A5FA31D005D0757 /* combined */,
				F700ECD70A5FE186005D0757 /* LL-star */,
				F7DD05EE0A7B15E1006A006C /* hoistedPredicates */,
				F7DD07440A7B6618006A006C /* scopes */,
				F7278F840A881AFA00575EAE /* returnscopes */,
				F72C5E690AB7E4C900282574 /* simplectree */,
			);
			name = Products;
			sourceTree = "<group>";
		};
		0867D691FE84028FC02AAC07 /* ANTLR */ = {
			isa = PBXGroup;
			children = (
				F7037EBB0A05B06B0070435D /* examples */,
				F70BB396098E5BE90054FEF8 /* Tests */,
				08FB77AEFE84172EC02AAC07 /* Classes */,
				32C88DFF0371C24200C91783 /* Other Sources */,
				089C1665FE841158C02AAC07 /* Resources */,
				0867D69AFE84028FC02AAC07 /* External Frameworks and Libraries */,
				034768DFFF38A50411DB9C8B /* Products */,
				F70BB381098E5B000054FEF8 /* Test-Info.plist */,
			);
			name = ANTLR;
			sourceTree = "<group>";
		};
		0867D69AFE84028FC02AAC07 /* External Frameworks and Libraries */ = {
			isa = PBXGroup;
			children = (
				F70BB390098E5BB80054FEF8 /* SenTestingKit.framework */,
				1058C7B0FEA5585E11CA2CBB /* Linked Frameworks */,
				1058C7B2FEA5585E11CA2CBB /* Other Frameworks */,
			);
			name = "External Frameworks and Libraries";
			sourceTree = "<group>";
		};
		089C1665FE841158C02AAC07 /* Resources */ = {
			isa = PBXGroup;
			children = (
				8DC2EF5A0486A6940098B216 /* Info.plist */,
				089C1666FE841158C02AAC07 /* InfoPlist.strings */,
			);
			name = Resources;
			sourceTree = "<group>";
		};
		08FB77AEFE84172EC02AAC07 /* Classes */ = {
			isa = PBXGroup;
			children = (
				F7492F8D09C0171900B25E30 /* Tokens */,
				F73E2B590A9CF83A005D6267 /* Trees */,
				F70AA7AA09AA2AAB00C3FD5E /* Streams */,
				F7F218EB097AFB0C000472E9 /* Misc */,
				F7A4098809659BE5002CC781 /* Recognizer */,
				F7A40951096597D2002CC781 /* DFA */,
				F7A4094C096597C4002CC781 /* Exceptions */,
			);
			name = Classes;
			sourceTree = "<group>";
		};
		1058C7B0FEA5585E11CA2CBB /* Linked Frameworks */ = {
			isa = PBXGroup;
			children = (
				F71F6B8F09A81E6F003221F4 /* CoreFoundation.framework */,
				1058C7B1FEA5585E11CA2CBB /* Cocoa.framework */,
			);
			name = "Linked Frameworks";
			sourceTree = "<group>";
		};
		1058C7B2FEA5585E11CA2CBB /* Other Frameworks */ = {
			isa = PBXGroup;
			children = (
				0867D69BFE84028FC02AAC07 /* Foundation.framework */,
			);
			name = "Other Frameworks";
			sourceTree = "<group>";
		};
		32C88DFF0371C24200C91783 /* Other Sources */ = {
			isa = PBXGroup;
			children = (
				32DBCF5E0370ADEE00C91783 /* ANTLR_Prefix.pch */,
				F70AA7A509AA2A6900C3FD5E /* ANTLR.h */,
			);
			name = "Other Sources";
			sourceTree = "<group>";
		};
		F700E85D0A5FA2C0005D0757 /* combined */ = {
			isa = PBXGroup;
			children = (
				F700E85E0A5FA2DE005D0757 /* Combined.g */,
				F700E86A0A5FA34D005D0757 /* main.m */,
			);
			name = combined;
			sourceTree = "<group>";
		};
		F700ECCE0A5FE176005D0757 /* LL-star */ = {
			isa = PBXGroup;
			children = (
				F7A2E9160A76AB9F0066CA1D /* SimpleC.h */,
				F7A2E9170A76AB9F0066CA1D /* SimpleC.m */,
				F7A2E9180A76AB9F0066CA1D /* SimpleCLexer.h */,
				F7A2E9190A76AB9F0066CA1D /* SimpleCLexer.m */,
				F700ECCF0A5FE176005D0757 /* input */,
				F700ECD00A5FE176005D0757 /* output */,
				F700ECD10A5FE176005D0757 /* simplec.g */,
				F700ECE70A5FE25D005D0757 /* main.m */,
			);
			path = "LL-star";
			sourceTree = "<group>";
		};
		F7037EBB0A05B06B0070435D /* examples */ = {
			isa = PBXGroup;
			children = (
				F72C5E2D0AB7529C00282574 /* simplecTreeParser */,
				F7278F490A88135E00575EAE /* returnScopes */,
				F7DD073B0A7B660A006A006C /* scopes */,
				F7DD05E10A7B14BE006A006C /* hoistedPredicates */,
				F700ECCE0A5FE176005D0757 /* LL-star */,
				F700E85D0A5FA2C0005D0757 /* combined */,
				F79D56590A0E238100EA3CEE /* fuzzy */,
				F7037EBC0A05B06B0070435D /* lexertest-simple */,
			);
			path = examples;
			sourceTree = "<group>";
		};
		F7037EBC0A05B06B0070435D /* lexertest-simple */ = {
			isa = PBXGroup;
			children = (
				F7037EBD0A05B06B0070435D /* lexer.g */,
				F7E983940A0D6A5F00F16093 /* main.m */,
			);
			path = "lexertest-simple";
			sourceTree = "<group>";
		};
		F70AA7AA09AA2AAB00C3FD5E /* Streams */ = {
			isa = PBXGroup;
			children = (
				F70AA7AD09AA2AC000C3FD5E /* ANTLRIntStream.h */,
				F70AA7B509AA2B8800C3FD5E /* ANTLRCharStream.h */,
				F77766AE09DD53E800517181 /* ANTLRTokenStream.h */,
				F700ED940A5FF2A5005D0757 /* ANTLRCommonTokenStream.h */,
				F700ED950A5FF2A5005D0757 /* ANTLRCommonTokenStream.m */,
				F70AA7C509AA339900C3FD5E /* ANTLRStringStream.h */,
				F70AA7C609AA339900C3FD5E /* ANTLRStringStream.m */,
				F70AA7CD09AA379300C3FD5E /* ANTLRStringStreamState.h */,
				F70AA7CE09AA379300C3FD5E /* ANTLRStringStreamState.m */,
				F700ED7E0A5FF17C005D0757 /* ANTLRTokenSource.h */,
				F72C5B820AB52AD300282574 /* ANTLRTreeNodeStream.h */,
				F72C5B8E0AB52B5B00282574 /* ANTLRCommonTreeNodeStream.h */,
				F72C5B8F0AB52B5B00282574 /* ANTLRCommonTreeNodeStream.m */,
				F72C5C1F0AB54A9300282574 /* ANTLRCommonTreeNodeStreamState.h */,
				F72C5C200AB54A9300282574 /* ANTLRCommonTreeNodeStreamState.m */,
			);
			name = Streams;
			sourceTree = "<group>";
		};
		F70BB396098E5BE90054FEF8 /* Tests */ = {
			isa = PBXGroup;
			children = (
				F70BB39B098E62740054FEF8 /* TestBitSet.h */,
				F70BB39C098E62740054FEF8 /* TestBitSet.m */,
				F7492DED09C00E4500B25E30 /* TestStringStream.h */,
				F7492DEE09C00E4500B25E30 /* TestStringStream.m */,
			);
			name = Tests;
			sourceTree = "<group>";
		};
		F7278F490A88135E00575EAE /* returnScopes */ = {
			isa = PBXGroup;
			children = (
				F7278F570A8814A900575EAE /* ReturnScopes.h */,
				F7278F580A8814A900575EAE /* ReturnScopes.m */,
				F7278F590A8814A900575EAE /* ReturnScopesLexer.h */,
				F7278F5A0A8814A900575EAE /* ReturnScopesLexer.m */,
				F7278F4A0A88136D00575EAE /* returnscopes.g */,
			);
			path = returnScopes;
			sourceTree = "<group>";
		};
		F72C5E2D0AB7529C00282574 /* simplecTreeParser */ = {
			isa = PBXGroup;
			children = (
				F72C5E2E0AB7529C00282574 /* files */,
				F72C5E2F0AB7529C00282574 /* input */,
				F72C5E300AB7529C00282574 /* Main.java */,
				F72C5E310AB7529C00282574 /* output */,
				F72C5E320AB7529C00282574 /* simplec.g */,
				F72C5E330AB7529C00282574 /* SimpleC.h */,
				F72C5E340AB7529C00282574 /* SimpleC.lexer.g */,
				F72C5E350AB7529C00282574 /* SimpleC.m */,
				F72C5E360AB7529C00282574 /* SimpleC.tokens */,
				F72C5E370AB7529C00282574 /* SimpleCLexer.h */,
				F72C5E380AB7529C00282574 /* SimpleCLexer.m */,
				F72C5E390AB7529C00282574 /* SimpleCLexer.tokens */,
				F72C5E3A0AB7529C00282574 /* simplecTP.g */,
				F72C5E560AB7E41000282574 /* main.m */,
			);
			path = simplecTreeParser;
			sourceTree = "<group>";
		};
		F73E2B590A9CF83A005D6267 /* Trees */ = {
			isa = PBXGroup;
			children = (
				F73E2B720A9CFE6A005D6267 /* ANTLRTree.h */,
				F7568FAE0AAB8C6E00F6FB41 /* ANTLRTree.m */,
				F72C58E80AB3911D00282574 /* ANTLRCommonTree.h */,
				F72C58E90AB3911D00282574 /* ANTLRCommonTree.m */,
				F73E2B7A0A9D0AFC005D6267 /* ANTLRTreeAdaptor.h */,
				F72C56DC0AB3411000282574 /* ANTLRTreeAdaptor.m */,
				F72C59A50AB4F20A00282574 /* ANTLRCommonTreeAdaptor.h */,
				F72C59A60AB4F20A00282574 /* ANTLRCommonTreeAdaptor.m */,
			);
			name = Trees;
			sourceTree = "<group>";
		};
		F7492F8D09C0171900B25E30 /* Tokens */ = {
			isa = PBXGroup;
			children = (
				F77765CA09DC583000517181 /* ANTLRToken.h */,
				F77765CB09DC583000517181 /* ANTLRToken.m */,
				F777660309DC5CF400517181 /* ANTLRCommonToken.h */,
				F777660409DC5CF400517181 /* ANTLRCommonToken.m */,
			);
			name = Tokens;
			sourceTree = "<group>";
		};
		F79D56590A0E238100EA3CEE /* fuzzy */ = {
			isa = PBXGroup;
			children = (
				F7A2E91C0A76D5730066CA1D /* FuzzyJava.h */,
				F7A2E91D0A76D5730066CA1D /* FuzzyJava.m */,
				F706A55B0A0EC307008999AB /* input */,
				F79D565A0A0E238100EA3CEE /* java.g */,
				F79D56C00A0E287500EA3CEE /* main.m */,
			);
			path = fuzzy;
			sourceTree = "<group>";
		};
		F7A4094C096597C4002CC781 /* Exceptions */ = {
			isa = PBXGroup;
			children = (
				F7037CEE0A0582FC0070435D /* ANTLRMismatchedRangeException.h */,
				F7037CEF0A0582FC0070435D /* ANTLRMismatchedRangeException.m */,
				F70380BA0A07FA0D0070435D /* ANTLRMismatchedSetException.h */,
				F70380BB0A07FA0D0070435D /* ANTLRMismatchedSetException.m */,
				F777668009DC719C00517181 /* ANTLRMismatchedTokenException.h */,
				F777668109DC719C00517181 /* ANTLRMismatchedTokenException.m */,
				F72C5D600AB63E0B00282574 /* ANTLRMismatchedTreeNodeException.h */,
				F72C5D610AB63E0B00282574 /* ANTLRMismatchedTreeNodeException.m */,
				F79D59890A0E51AB00EA3CEE /* ANTLRNoViableAltException.h */,
				F79D598A0A0E51AB00EA3CEE /* ANTLRNoViableAltException.m */,
				F777669109DC72D600517181 /* ANTLRRecognitionException.h */,
				F777669209DC72D600517181 /* ANTLRRecognitionException.m */,
				F700E6190A5F66EC005D0757 /* ANTLREarlyExitException.h */,
				F700E61A0A5F66EC005D0757 /* ANTLREarlyExitException.m */,
			);
			name = Exceptions;
			sourceTree = "<group>";
		};
		F7A40951096597D2002CC781 /* DFA */ = {
			isa = PBXGroup;
			children = (
				F7754E3D0A5C0A0500D0873A /* ANTLRDFA.h */,
				F7754E3E0A5C0A0500D0873A /* ANTLRDFA.m */,
			);
			name = DFA;
			sourceTree = "<group>";
		};
		F7A4098809659BE5002CC781 /* Recognizer */ = {
			isa = PBXGroup;
			children = (
				F7A4098B09659BF3002CC781 /* ANTLRBaseRecognizer.h */,
				F7A4098C09659BF3002CC781 /* ANTLRBaseRecognizer.m */,
				F7A4099109659BFB002CC781 /* ANTLRLexer.h */,
				F7A4099209659BFB002CC781 /* ANTLRLexer.m */,
				F7009AD90A1BE4AE002EDD5D /* ANTLRLexerRuleReturnScope.h */,
				F7009ADA0A1BE4AE002EDD5D /* ANTLRLexerRuleReturnScope.m */,
				F700E8F90A5FAD21005D0757 /* ANTLRParser.h */,
				F700E8FA0A5FAD21005D0757 /* ANTLRParser.m */,
				F72C5D540AB63C1D00282574 /* ANTLRTreeParser.h */,
				F72C5D550AB63C1D00282574 /* ANTLRTreeParser.m */,
				F72C5ECC0AB7E5A500282574 /* ANTLRParserRuleReturnScope.h */,
				F72C5ECD0AB7E5A500282574 /* ANTLRParserRuleReturnScope.m */,
			);
			name = Recognizer;
			sourceTree = "<group>";
		};
		F7DD05E10A7B14BE006A006C /* hoistedPredicates */ = {
			isa = PBXGroup;
			children = (
				F7DD06E50A7B1700006A006C /* T.h */,
				F7DD06E60A7B1700006A006C /* T.m */,
				F7DD06E70A7B1700006A006C /* TLexer.h */,
				F7DD06E80A7B1700006A006C /* TLexer.m */,
				F7DD05E20A7B14BE006A006C /* input */,
				F7DD05E30A7B14BE006A006C /* output */,
				F7DD05E40A7B14BE006A006C /* t.g */,
				F7DD05E70A7B1572006A006C /* main.m */,
			);
			path = hoistedPredicates;
			sourceTree = "<group>";
		};
		F7DD073B0A7B660A006A006C /* scopes */ = {
			isa = PBXGroup;
			children = (
				F7DD07A20A7B6998006A006C /* SymtabTestParser.h */,
				F7DD07A30A7B6998006A006C /* SymtabTestParser.m */,
				F7DD07A40A7B6998006A006C /* SymtabTestParserLexer.h */,
				F7DD07A50A7B6998006A006C /* SymtabTestParserLexer.m */,
				F7DD073C0A7B660A006A006C /* input */,
				F7DD073D0A7B660A006A006C /* output */,
				F7DD073E0A7B660A006A006C /* symtab.g */,
				F7DD07800A7B67A7006A006C /* main.m */,
			);
			path = scopes;
			sourceTree = "<group>";
		};
		F7F218EB097AFB0C000472E9 /* Misc */ = {
			isa = PBXGroup;
			children = (
				F7F218EE097AFB1A000472E9 /* ANTLRBitSet.h */,
				F7F218EF097AFB1A000472E9 /* ANTLRBitSet.m */,
			);
			name = Misc;
			sourceTree = "<group>";
		};
/* End PBXGroup section */

/* Begin PBXHeadersBuildPhase section */
		8DC2EF500486A6940098B216 /* Headers */ = {
			isa = PBXHeadersBuildPhase;
			buildActionMask = 2147483647;
			files = (
				F7F218F0097AFB1A000472E9 /* ANTLRBitSet.h in Headers */,
				F70AA7A609AA2A6900C3FD5E /* ANTLR.h in Headers */,
				F70AA7AF09AA2AC000C3FD5E /* ANTLRIntStream.h in Headers */,
				F70AA7C709AA339900C3FD5E /* ANTLRStringStream.h in Headers */,
				F70AA7CF09AA379300C3FD5E /* ANTLRStringStreamState.h in Headers */,
				F7492F5D09C016A200B25E30 /* ANTLRBaseRecognizer.h in Headers */,
				F77765CC09DC583000517181 /* ANTLRToken.h in Headers */,
				F777660509DC5CF400517181 /* ANTLRCommonToken.h in Headers */,
				F777668209DC719C00517181 /* ANTLRMismatchedTokenException.h in Headers */,
				F777669309DC72D600517181 /* ANTLRRecognitionException.h in Headers */,
				F77766AF09DD53E800517181 /* ANTLRTokenStream.h in Headers */,
				F777678C09DD616600517181 /* ANTLRCharStream.h in Headers */,
				F777678E09DD618000517181 /* ANTLRLexer.h in Headers */,
				F7037CF00A0582FC0070435D /* ANTLRMismatchedRangeException.h in Headers */,
				F70380BC0A07FA0D0070435D /* ANTLRMismatchedSetException.h in Headers */,
				F79D598B0A0E51AB00EA3CEE /* ANTLRNoViableAltException.h in Headers */,
				F7009ADB0A1BE4AE002EDD5D /* ANTLRLexerRuleReturnScope.h in Headers */,
				F7754E3F0A5C0A0500D0873A /* ANTLRDFA.h in Headers */,
				F700E61B0A5F66EC005D0757 /* ANTLREarlyExitException.h in Headers */,
				F700E8FB0A5FAD21005D0757 /* ANTLRParser.h in Headers */,
				F700ED7F0A5FF17C005D0757 /* ANTLRTokenSource.h in Headers */,
				F700ED960A5FF2A5005D0757 /* ANTLRCommonTokenStream.h in Headers */,
				F73E2B740A9CFE6A005D6267 /* ANTLRTree.h in Headers */,
				F73E2B7C0A9D0AFC005D6267 /* ANTLRTreeAdaptor.h in Headers */,
				F72C58EA0AB3911D00282574 /* ANTLRCommonTree.h in Headers */,
				F72C59A70AB4F20A00282574 /* ANTLRCommonTreeAdaptor.h in Headers */,
				F72C5B840AB52AD300282574 /* ANTLRTreeNodeStream.h in Headers */,
				F72C5B900AB52B5B00282574 /* ANTLRCommonTreeNodeStream.h in Headers */,
				F72C5C210AB54A9300282574 /* ANTLRCommonTreeNodeStreamState.h in Headers */,
				F72C5D560AB63C1D00282574 /* ANTLRTreeParser.h in Headers */,
				F72C5D620AB63E0B00282574 /* ANTLRMismatchedTreeNodeException.h in Headers */,
				F72C5ECE0AB7E5A500282574 /* ANTLRParserRuleReturnScope.h in Headers */,
			);
			runOnlyForDeploymentPostprocessing = 0;
		};
/* End PBXHeadersBuildPhase section */

/* Begin PBXNativeTarget section */
		8DC2EF4F0486A6940098B216 /* ANTLR */ = {
			isa = PBXNativeTarget;
			buildConfigurationList = 1DEB91AD08733DA50010E9CD /* Build configuration list for PBXNativeTarget "ANTLR" */;
			buildPhases = (
				8DC2EF500486A6940098B216 /* Headers */,
				8DC2EF520486A6940098B216 /* Resources */,
				8DC2EF540486A6940098B216 /* Sources */,
				8DC2EF560486A6940098B216 /* Frameworks */,
			);
			buildRules = (
			);
			dependencies = (
			);
			name = ANTLR;
			productInstallPath = "$(HOME)/Library/Frameworks";
			productName = ANTLR;
			productReference = 8DC2EF5B0486A6940098B216 /* ANTLR.framework */;
			productType = "com.apple.product-type.framework";
		};
		F700E8630A5FA31D005D0757 /* combined */ = {
			isa = PBXNativeTarget;
			buildConfigurationList = F700E86C0A5FA34D005D0757 /* Build configuration list for PBXNativeTarget "combined" */;
			buildPhases = (
				F700E8610A5FA31D005D0757 /* Sources */,
				F700E8620A5FA31D005D0757 /* Frameworks */,
			);
			buildRules = (
			);
			dependencies = (
				F700E8670A5FA32E005D0757 /* PBXTargetDependency */,
			);
			name = combined;
			productName = combined;
			productReference = F700E8640A5FA31D005D0757 /* combined */;
			productType = "com.apple.product-type.tool";
		};
		F700ECD60A5FE186005D0757 /* LL-star */ = {
			isa = PBXNativeTarget;
			buildConfigurationList = F700ECDC0A5FE1BF005D0757 /* Build configuration list for PBXNativeTarget "LL-star" */;
			buildPhases = (
				F700ECD40A5FE186005D0757 /* Sources */,
				F700ECD50A5FE186005D0757 /* Frameworks */,
			);
			buildRules = (
			);
			dependencies = (
				F700F0200A61498E005D0757 /* PBXTargetDependency */,
			);
			name = "LL-star";
			productName = "LL-star";
			productReference = F700ECD70A5FE186005D0757 /* LL-star */;
			productType = "com.apple.product-type.tool";
		};
		F7037E9F0A05AFB60070435D /* lexertest-simple */ = {
			isa = PBXNativeTarget;
			buildConfigurationList = F7037EB80A05AFEF0070435D /* Build configuration list for PBXNativeTarget "lexertest-simple" */;
			buildPhases = (
				F7037E9D0A05AFB60070435D /* Sources */,
				F7037E9E0A05AFB60070435D /* Frameworks */,
			);
			buildRules = (
			);
			dependencies = (
				F7037EA50A05AFCB0070435D /* PBXTargetDependency */,
			);
			name = "lexertest-simple";
			productName = "lexertest-simple";
			productReference = F7037EA00A05AFB60070435D /* lexertest-simple */;
			productType = "com.apple.product-type.tool";
		};
		F70BB37F098E5AFF0054FEF8 /* Test */ = {
			isa = PBXNativeTarget;
			buildConfigurationList = F70BB382098E5B040054FEF8 /* Build configuration list for PBXNativeTarget "Test" */;
			buildPhases = (
				F70BB37B098E5AFF0054FEF8 /* Resources */,
				F70BB37C098E5AFF0054FEF8 /* Sources */,
				F70BB37D098E5AFF0054FEF8 /* Frameworks */,
				F70BB37E098E5AFF0054FEF8 /* ShellScript */,
			);
			buildRules = (
			);
			dependencies = (
			);
			name = Test;
			productName = Test;
			productReference = F70BB380098E5AFF0054FEF8 /* Test.octest */;
			productType = "com.apple.product-type.bundle";
		};
		F7278F750A881AFA00575EAE /* returnscopes */ = {
			isa = PBXNativeTarget;
			buildConfigurationList = F7278F810A881AFA00575EAE /* Build configuration list for PBXNativeTarget "returnscopes" */;
			buildPhases = (
				F7278F780A881AFA00575EAE /* Sources */,
				F7278F7C0A881AFA00575EAE /* Frameworks */,
			);
			buildRules = (
			);
			dependencies = (
				F7278F760A881AFA00575EAE /* PBXTargetDependency */,
			);
			name = returnscopes;
			productName = scopes;
			productReference = F7278F840A881AFA00575EAE /* returnscopes */;
			productType = "com.apple.product-type.tool";
		};
		F72C5E5A0AB7E4C900282574 /* simplec tree */ = {
			isa = PBXNativeTarget;
			buildConfigurationList = F72C5E660AB7E4C900282574 /* Build configuration list for PBXNativeTarget "simplec tree" */;
			buildPhases = (
				F72C5E5D0AB7E4C900282574 /* Sources */,
				F72C5E610AB7E4C900282574 /* Frameworks */,
			);
			buildRules = (
			);
			dependencies = (
				F72C5E5B0AB7E4C900282574 /* PBXTargetDependency */,
			);
			name = "simplec tree";
			productName = scopes;
			productReference = F72C5E690AB7E4C900282574 /* simplectree */;
			productType = "com.apple.product-type.tool";
		};
		F79D565F0A0E23A400EA3CEE /* fuzzy */ = {
			isa = PBXNativeTarget;
			buildConfigurationList = F79D566F0A0E23D600EA3CEE /* Build configuration list for PBXNativeTarget "fuzzy" */;
			buildPhases = (
				F79D565D0A0E23A400EA3CEE /* Sources */,
				F79D565E0A0E23A400EA3CEE /* Frameworks */,
				F706A5710A0EC357008999AB /* CopyFiles */,
			);
			buildRules = (
			);
			dependencies = (
				F79D5AF20A0E632A00EA3CEE /* PBXTargetDependency */,
			);
			name = fuzzy;
			productName = fuzzy;
			productReference = F79D56600A0E23A400EA3CEE /* fuzzy */;
			productType = "com.apple.product-type.tool";
		};
		F7DD05ED0A7B15E1006A006C /* hoistedPredicates */ = {
			isa = PBXNativeTarget;
			buildConfigurationList = F7DD05F00A7B1640006A006C /* Build configuration list for PBXNativeTarget "hoistedPredicates" */;
			buildPhases = (
				F7DD05EB0A7B15E1006A006C /* Sources */,
				F7DD05EC0A7B15E1006A006C /* Frameworks */,
			);
			buildRules = (
			);
			dependencies = (
				F7DD05F40A7B1649006A006C /* PBXTargetDependency */,
			);
			name = hoistedPredicates;
			productName = hoistedPredicates;
			productReference = F7DD05EE0A7B15E1006A006C /* hoistedPredicates */;
			productType = "com.apple.product-type.tool";
		};
		F7DD07430A7B6618006A006C /* scopes */ = {
			isa = PBXNativeTarget;
			buildConfigurationList = F7DD07790A7B6682006A006C /* Build configuration list for PBXNativeTarget "scopes" */;
			buildPhases = (
				F7DD07410A7B6618006A006C /* Sources */,
				F7DD07420A7B6618006A006C /* Frameworks */,
			);
			buildRules = (
			);
			dependencies = (
				F7DD07510A7B6666006A006C /* PBXTargetDependency */,
			);
			name = scopes;
			productName = scopes;
			productReference = F7DD07440A7B6618006A006C /* scopes */;
			productType = "com.apple.product-type.tool";
		};
/* End PBXNativeTarget section */

/* Begin PBXProject section */
		0867D690FE84028FC02AAC07 /* Project object */ = {
			isa = PBXProject;
			buildConfigurationList = 1DEB91B108733DA50010E9CD /* Build configuration list for PBXProject "ANTLR" */;
			hasScannedForEncodings = 1;
			mainGroup = 0867D691FE84028FC02AAC07 /* ANTLR */;
			productRefGroup = 034768DFFF38A50411DB9C8B /* Products */;
			projectDirPath = "";
			targets = (
				8DC2EF4F0486A6940098B216 /* ANTLR */,
				F70BB37F098E5AFF0054FEF8 /* Test */,
				F7037E9F0A05AFB60070435D /* lexertest-simple */,
				F79D565F0A0E23A400EA3CEE /* fuzzy */,
				F700E8630A5FA31D005D0757 /* combined */,
				F700ECD60A5FE186005D0757 /* LL-star */,
				F7DD05ED0A7B15E1006A006C /* hoistedPredicates */,
				F7DD07430A7B6618006A006C /* scopes */,
				F7278F750A881AFA00575EAE /* returnscopes */,
				F72C5E5A0AB7E4C900282574 /* simplec tree */,
			);
		};
/* End PBXProject section */

/* Begin PBXResourcesBuildPhase section */
		8DC2EF520486A6940098B216 /* Resources */ = {
			isa = PBXResourcesBuildPhase;
			buildActionMask = 2147483647;
			files = (
				8DC2EF530486A6940098B216 /* InfoPlist.strings in Resources */,
			);
			runOnlyForDeploymentPostprocessing = 0;
		};
		F70BB37B098E5AFF0054FEF8 /* Resources */ = {
			isa = PBXResourcesBuildPhase;
			buildActionMask = 2147483647;
			files = (
			);
			runOnlyForDeploymentPostprocessing = 0;
		};
/* End PBXResourcesBuildPhase section */

/* Begin PBXShellScriptBuildPhase section */
		F70BB37E098E5AFF0054FEF8 /* ShellScript */ = {
			isa = PBXShellScriptBuildPhase;
			buildActionMask = 2147483647;
			files = (
			);
			inputPaths = (
			);
			outputPaths = (
			);
			runOnlyForDeploymentPostprocessing = 0;
			shellPath = /bin/sh;
			shellScript = "# Run the unit tests in this test bundle.\n\"${SYSTEM_DEVELOPER_DIR}/Tools/RunUnitTests\"\n";
		};
/* End PBXShellScriptBuildPhase section */

/* Begin PBXSourcesBuildPhase section */
		8DC2EF540486A6940098B216 /* Sources */ = {
			isa = PBXSourcesBuildPhase;
			buildActionMask = 2147483647;
			files = (
				F7F218F1097AFB1A000472E9 /* ANTLRBitSet.m in Sources */,
				F70AA7C809AA339900C3FD5E /* ANTLRStringStream.m in Sources */,
				F70AA7D009AA379300C3FD5E /* ANTLRStringStreamState.m in Sources */,
				F7492F5C09C016A200B25E30 /* ANTLRBaseRecognizer.m in Sources */,
				F77765CD09DC583000517181 /* ANTLRToken.m in Sources */,
				F777660609DC5CF400517181 /* ANTLRCommonToken.m in Sources */,
				F777668309DC719C00517181 /* ANTLRMismatchedTokenException.m in Sources */,
				F777669409DC72D600517181 /* ANTLRRecognitionException.m in Sources */,
				F777678F09DD618100517181 /* ANTLRLexer.m in Sources */,
				F7037CF10A0582FC0070435D /* ANTLRMismatchedRangeException.m in Sources */,
				F70380BD0A07FA0D0070435D /* ANTLRMismatchedSetException.m in Sources */,
				F79D598C0A0E51AB00EA3CEE /* ANTLRNoViableAltException.m in Sources */,
				F7009ADC0A1BE4AE002EDD5D /* ANTLRLexerRuleReturnScope.m in Sources */,
				F7754E400A5C0A0500D0873A /* ANTLRDFA.m in Sources */,
				F700E61C0A5F66EC005D0757 /* ANTLREarlyExitException.m in Sources */,
				F700E8FC0A5FAD21005D0757 /* ANTLRParser.m in Sources */,
				F700ED970A5FF2A5005D0757 /* ANTLRCommonTokenStream.m in Sources */,
				F7568FAF0AAB8C6E00F6FB41 /* ANTLRTree.m in Sources */,
				F72C56DD0AB3411000282574 /* ANTLRTreeAdaptor.m in Sources */,
				F72C58EB0AB3911D00282574 /* ANTLRCommonTree.m in Sources */,
				F72C59A80AB4F20A00282574 /* ANTLRCommonTreeAdaptor.m in Sources */,
				F72C5B910AB52B5B00282574 /* ANTLRCommonTreeNodeStream.m in Sources */,
				F72C5C220AB54A9300282574 /* ANTLRCommonTreeNodeStreamState.m in Sources */,
				F72C5D570AB63C1D00282574 /* ANTLRTreeParser.m in Sources */,
				F72C5D630AB63E0B00282574 /* ANTLRMismatchedTreeNodeException.m in Sources */,
				F72C5ECF0AB7E5A500282574 /* ANTLRParserRuleReturnScope.m in Sources */,
			);
			runOnlyForDeploymentPostprocessing = 0;
		};
		F700E8610A5FA31D005D0757 /* Sources */ = {
			isa = PBXSourcesBuildPhase;
			buildActionMask = 2147483647;
			files = (
				F700E86B0A5FA34D005D0757 /* main.m in Sources */,
			);
			runOnlyForDeploymentPostprocessing = 0;
		};
		F700ECD40A5FE186005D0757 /* Sources */ = {
			isa = PBXSourcesBuildPhase;
			buildActionMask = 2147483647;
			files = (
				F700ECE80A5FE25D005D0757 /* main.m in Sources */,
				F7A2E91A0A76AB9F0066CA1D /* SimpleC.m in Sources */,
				F7A2E91B0A76AB9F0066CA1D /* SimpleCLexer.m in Sources */,
			);
			runOnlyForDeploymentPostprocessing = 0;
		};
		F7037E9D0A05AFB60070435D /* Sources */ = {
			isa = PBXSourcesBuildPhase;
			buildActionMask = 2147483647;
			files = (
				F7E983950A0D6A5F00F16093 /* main.m in Sources */,
			);
			runOnlyForDeploymentPostprocessing = 0;
		};
		F70BB37C098E5AFF0054FEF8 /* Sources */ = {
			isa = PBXSourcesBuildPhase;
			buildActionMask = 2147483647;
			files = (
				F70BB39D098E62740054FEF8 /* TestBitSet.m in Sources */,
				F7492DF109C00E4800B25E30 /* TestStringStream.m in Sources */,
			);
			runOnlyForDeploymentPostprocessing = 0;
		};
		F7278F780A881AFA00575EAE /* Sources */ = {
			isa = PBXSourcesBuildPhase;
			buildActionMask = 2147483647;
			files = (
				F7278F880A881B3400575EAE /* ReturnScopes.m in Sources */,
				F7278F890A881B3500575EAE /* ReturnScopesLexer.m in Sources */,
			);
			runOnlyForDeploymentPostprocessing = 0;
		};
		F72C5E5D0AB7E4C900282574 /* Sources */ = {
			isa = PBXSourcesBuildPhase;
			buildActionMask = 2147483647;
			files = (
				F72C5E6B0AB7E50300282574 /* main.m in Sources */,
				F72C5E6C0AB7E50500282574 /* SimpleC.m in Sources */,
				F72C5E6D0AB7E50500282574 /* SimpleCLexer.m in Sources */,
			);
			runOnlyForDeploymentPostprocessing = 0;
		};
		F79D565D0A0E23A400EA3CEE /* Sources */ = {
			isa = PBXSourcesBuildPhase;
			buildActionMask = 2147483647;
			files = (
				F79D56C10A0E287500EA3CEE /* main.m in Sources */,
				F7A2E91F0A76D5740066CA1D /* FuzzyJava.m in Sources */,
			);
			runOnlyForDeploymentPostprocessing = 0;
		};
		F7DD05EB0A7B15E1006A006C /* Sources */ = {
			isa = PBXSourcesBuildPhase;
			buildActionMask = 2147483647;
			files = (
				F7DD06C60A7B16A5006A006C /* main.m in Sources */,
				F7DD06E90A7B1700006A006C /* T.m in Sources */,
				F7DD06EA0A7B1701006A006C /* TLexer.m in Sources */,
			);
			runOnlyForDeploymentPostprocessing = 0;
		};
		F7DD07410A7B6618006A006C /* Sources */ = {
			isa = PBXSourcesBuildPhase;
			buildActionMask = 2147483647;
			files = (
				F7DD07810A7B67A7006A006C /* main.m in Sources */,
				F7DD07A60A7B6998006A006C /* SymtabTestParser.m in Sources */,
				F7DD07A70A7B6998006A006C /* SymtabTestParserLexer.m in Sources */,
			);
			runOnlyForDeploymentPostprocessing = 0;
		};
/* End PBXSourcesBuildPhase section */

/* Begin PBXTargetDependency section */
		F700E8670A5FA32E005D0757 /* PBXTargetDependency */ = {
			isa = PBXTargetDependency;
			target = 8DC2EF4F0486A6940098B216 /* ANTLR */;
			targetProxy = F700E8660A5FA32E005D0757 /* PBXContainerItemProxy */;
		};
		F700F0200A61498E005D0757 /* PBXTargetDependency */ = {
			isa = PBXTargetDependency;
			target = 8DC2EF4F0486A6940098B216 /* ANTLR */;
			targetProxy = F700F01F0A61498E005D0757 /* PBXContainerItemProxy */;
		};
		F7037EA50A05AFCB0070435D /* PBXTargetDependency */ = {
			isa = PBXTargetDependency;
			target = 8DC2EF4F0486A6940098B216 /* ANTLR */;
			targetProxy = F7037EA40A05AFCB0070435D /* PBXContainerItemProxy */;
		};
		F7278F760A881AFA00575EAE /* PBXTargetDependency */ = {
			isa = PBXTargetDependency;
			target = 8DC2EF4F0486A6940098B216 /* ANTLR */;
			targetProxy = F7278F770A881AFA00575EAE /* PBXContainerItemProxy */;
		};
		F72C5E5B0AB7E4C900282574 /* PBXTargetDependency */ = {
			isa = PBXTargetDependency;
			target = 8DC2EF4F0486A6940098B216 /* ANTLR */;
			targetProxy = F72C5E5C0AB7E4C900282574 /* PBXContainerItemProxy */;
		};
		F79D5AF20A0E632A00EA3CEE /* PBXTargetDependency */ = {
			isa = PBXTargetDependency;
			target = 8DC2EF4F0486A6940098B216 /* ANTLR */;
			targetProxy = F79D5AF10A0E632A00EA3CEE /* PBXContainerItemProxy */;
		};
		F7DD05F40A7B1649006A006C /* PBXTargetDependency */ = {
			isa = PBXTargetDependency;
			target = 8DC2EF4F0486A6940098B216 /* ANTLR */;
			targetProxy = F7DD05F30A7B1649006A006C /* PBXContainerItemProxy */;
		};
		F7DD07510A7B6666006A006C /* PBXTargetDependency */ = {
			isa = PBXTargetDependency;
			target = 8DC2EF4F0486A6940098B216 /* ANTLR */;
			targetProxy = F7DD07500A7B6666006A006C /* PBXContainerItemProxy */;
		};
/* End PBXTargetDependency section */

/* Begin PBXVariantGroup section */
		089C1666FE841158C02AAC07 /* InfoPlist.strings */ = {
			isa = PBXVariantGroup;
			children = (
				089C1667FE841158C02AAC07 /* English */,
			);
			name = InfoPlist.strings;
			sourceTree = "<group>";
		};
/* End PBXVariantGroup section */

/* Begin XCBuildConfiguration section */
		1DEB91AE08733DA50010E9CD /* Debug */ = {
			isa = XCBuildConfiguration;
			buildSettings = {
				BUILD_VARIANTS = (
					normal,
					debug,
				);
				COPY_PHASE_STRIP = NO;
				CURRENT_PROJECT_VERSION = 1;
				DEBUG_INFORMATION_FORMAT = dwarf;
				DEPLOYMENT_LOCATION = NO;
				DYLIB_COMPATIBILITY_VERSION = 1;
				DYLIB_CURRENT_VERSION = 1;
				FRAMEWORK_VERSION = A;
				GCC_C_LANGUAGE_STANDARD = gnu99;
				GCC_DEBUGGING_SYMBOLS = full;
				GCC_DYNAMIC_NO_PIC = NO;
				GCC_ENABLE_FIX_AND_CONTINUE = NO;
				GCC_ENABLE_OBJC_EXCEPTIONS = YES;
				GCC_ENABLE_SYMBOL_SEPARATION = NO;
				GCC_MODEL_TUNING = G4;
				GCC_OPTIMIZATION_LEVEL = 0;
				GCC_PRECOMPILE_PREFIX_HEADER = YES;
				GCC_PREFIX_HEADER = ANTLR_Prefix.pch;
				INFOPLIST_FILE = Info.plist;
				INSTALL_PATH = "$(HOME)/Library/Frameworks";
				PRODUCT_NAME = ANTLR;
				VERSIONING_SYSTEM = "apple-generic";
				WRAPPER_EXTENSION = framework;
				ZERO_LINK = NO;
			};
			name = Debug;
		};
		1DEB91AF08733DA50010E9CD /* Release */ = {
			isa = XCBuildConfiguration;
			buildSettings = {
				ARCHS = (
					ppc,
					i386,
				);
				BUILD_VARIANTS = (
					normal,
					debug,
				);
				CURRENT_PROJECT_VERSION = 1;
				DEBUG_INFORMATION_FORMAT = dwarf;
				DYLIB_COMPATIBILITY_VERSION = 1;
				DYLIB_CURRENT_VERSION = 1;
				FRAMEWORK_VERSION = A;
				GCC_ENABLE_SYMBOL_SEPARATION = NO;
				GCC_GENERATE_DEBUGGING_SYMBOLS = NO;
				GCC_MODEL_TUNING = G5;
				GCC_PRECOMPILE_PREFIX_HEADER = YES;
				GCC_PREFIX_HEADER = ANTLR_Prefix.pch;
				INFOPLIST_FILE = Info.plist;
				INSTALL_PATH = "$(HOME)/Library/Frameworks";
				PRODUCT_NAME = ANTLR;
				VERSIONING_SYSTEM = "apple-generic";
				WRAPPER_EXTENSION = framework;
			};
			name = Release;
		};
		1DEB91B208733DA50010E9CD /* Debug */ = {
			isa = XCBuildConfiguration;
			buildSettings = {
				DEBUG_INFORMATION_FORMAT = dwarf;
				GCC_C_LANGUAGE_STANDARD = c99;
				GCC_DEBUGGING_SYMBOLS = full;
				GCC_ENABLE_OBJC_EXCEPTIONS = YES;
				GCC_ENABLE_SYMBOL_SEPARATION = NO;
				GCC_OPTIMIZATION_LEVEL = 0;
				GCC_WARN_ABOUT_RETURN_TYPE = YES;
				GCC_WARN_UNUSED_VARIABLE = YES;
				PREBINDING = NO;
				SDKROOT = /Developer/SDKs/MacOSX10.4u.sdk;
			};
			name = Debug;
		};
		1DEB91B308733DA50010E9CD /* Release */ = {
			isa = XCBuildConfiguration;
			buildSettings = {
				ARCHS = (
					ppc,
					i386,
				);
				GCC_C_LANGUAGE_STANDARD = c99;
				GCC_ENABLE_OBJC_EXCEPTIONS = YES;
				GCC_WARN_ABOUT_RETURN_TYPE = YES;
				GCC_WARN_UNUSED_VARIABLE = YES;
				PREBINDING = NO;
				SDKROOT = /Developer/SDKs/MacOSX10.4u.sdk;
			};
			name = Release;
		};
		F700E86D0A5FA34D005D0757 /* Debug */ = {
			isa = XCBuildConfiguration;
			buildSettings = {
				COPY_PHASE_STRIP = NO;
				GCC_DYNAMIC_NO_PIC = NO;
				GCC_ENABLE_FIX_AND_CONTINUE = YES;
				GCC_GENERATE_DEBUGGING_SYMBOLS = YES;
				GCC_MODEL_TUNING = G5;
				GCC_OPTIMIZATION_LEVEL = 0;
				GCC_PRECOMPILE_PREFIX_HEADER = YES;
				GCC_PREFIX_HEADER = "$(SYSTEM_LIBRARY_DIR)/Frameworks/AppKit.framework/Headers/AppKit.h";
				INSTALL_PATH = "$(HOME)/bin";
				OTHER_LDFLAGS = (
					"-framework",
					Foundation,
					"-framework",
					AppKit,
				);
				PREBINDING = NO;
				PRODUCT_NAME = combined;
				ZERO_LINK = YES;
			};
			name = Debug;
		};
		F700E86E0A5FA34D005D0757 /* Release */ = {
			isa = XCBuildConfiguration;
			buildSettings = {
				COPY_PHASE_STRIP = YES;
				GCC_ENABLE_FIX_AND_CONTINUE = NO;
				GCC_GENERATE_DEBUGGING_SYMBOLS = NO;
				GCC_MODEL_TUNING = G5;
				GCC_PRECOMPILE_PREFIX_HEADER = YES;
				GCC_PREFIX_HEADER = "$(SYSTEM_LIBRARY_DIR)/Frameworks/AppKit.framework/Headers/AppKit.h";
				INSTALL_PATH = "$(HOME)/bin";
				OTHER_LDFLAGS = (
					"-framework",
					Foundation,
					"-framework",
					AppKit,
				);
				PREBINDING = NO;
				PRODUCT_NAME = combined;
				ZERO_LINK = NO;
			};
			name = Release;
		};
		F700ECDD0A5FE1BF005D0757 /* Debug */ = {
			isa = XCBuildConfiguration;
			buildSettings = {
				COPY_PHASE_STRIP = NO;
				DEBUG_INFORMATION_FORMAT = dwarf;
				GCC_C_LANGUAGE_STANDARD = gnu99;
				GCC_DYNAMIC_NO_PIC = NO;
				GCC_ENABLE_FIX_AND_CONTINUE = NO;
				GCC_ENABLE_SYMBOL_SEPARATION = NO;
				GCC_GENERATE_DEBUGGING_SYMBOLS = YES;
				GCC_MODEL_TUNING = G4;
				GCC_OPTIMIZATION_LEVEL = 0;
				GCC_PRECOMPILE_PREFIX_HEADER = YES;
				GCC_PREFIX_HEADER = "$(SYSTEM_LIBRARY_DIR)/Frameworks/AppKit.framework/Headers/AppKit.h";
				INSTALL_PATH = "$(HOME)/bin";
				OTHER_LDFLAGS = (
					"-framework",
					Foundation,
					"-framework",
					AppKit,
				);
				PREBINDING = NO;
				PRODUCT_NAME = "LL-star";
				ZERO_LINK = NO;
			};
			name = Debug;
		};
		F700ECDE0A5FE1BF005D0757 /* Release */ = {
			isa = XCBuildConfiguration;
			buildSettings = {
				COPY_PHASE_STRIP = YES;
				DEBUG_INFORMATION_FORMAT = stabs;
				GCC_ENABLE_FIX_AND_CONTINUE = NO;
				GCC_ENABLE_SYMBOL_SEPARATION = NO;
				GCC_GENERATE_DEBUGGING_SYMBOLS = NO;
				GCC_MODEL_TUNING = G5;
				GCC_PRECOMPILE_PREFIX_HEADER = YES;
				GCC_PREFIX_HEADER = "$(SYSTEM_LIBRARY_DIR)/Frameworks/AppKit.framework/Headers/AppKit.h";
				INSTALL_PATH = "$(HOME)/bin";
				OTHER_LDFLAGS = (
					"-framework",
					Foundation,
					"-framework",
					AppKit,
				);
				PREBINDING = NO;
				PRODUCT_NAME = "LL-star";
				ZERO_LINK = NO;
			};
			name = Release;
		};
		F7037EB90A05AFEF0070435D /* Debug */ = {
			isa = XCBuildConfiguration;
			buildSettings = {
				COPY_PHASE_STRIP = NO;
				GCC_DYNAMIC_NO_PIC = NO;
				GCC_ENABLE_FIX_AND_CONTINUE = YES;
				GCC_ENABLE_OBJC_EXCEPTIONS = YES;
				GCC_ENABLE_PASCAL_STRINGS = YES;
				GCC_ENABLE_SYMBOL_SEPARATION = NO;
				GCC_GENERATE_DEBUGGING_SYMBOLS = YES;
				GCC_MODEL_TUNING = G5;
				GCC_OPTIMIZATION_LEVEL = 0;
				GCC_PRECOMPILE_PREFIX_HEADER = YES;
				GCC_PREFIX_HEADER = "$(SYSTEM_LIBRARY_DIR)/Frameworks/AppKit.framework/Headers/AppKit.h";
				INSTALL_PATH = "$(HOME)/bin";
				OTHER_LDFLAGS = (
					"-framework",
					Foundation,
					"-framework",
					AppKit,
				);
				PREBINDING = NO;
				PRODUCT_NAME = "lexertest-simple";
				ZERO_LINK = NO;
			};
			name = Debug;
		};
		F7037EBA0A05AFEF0070435D /* Release */ = {
			isa = XCBuildConfiguration;
			buildSettings = {
				COPY_PHASE_STRIP = YES;
				GCC_ENABLE_FIX_AND_CONTINUE = NO;
				GCC_GENERATE_DEBUGGING_SYMBOLS = NO;
				GCC_MODEL_TUNING = G5;
				GCC_PRECOMPILE_PREFIX_HEADER = YES;
				GCC_PREFIX_HEADER = "$(SYSTEM_LIBRARY_DIR)/Frameworks/AppKit.framework/Headers/AppKit.h";
				INSTALL_PATH = "$(HOME)/bin";
				OTHER_LDFLAGS = (
					"-framework",
					Foundation,
					"-framework",
					AppKit,
				);
				PREBINDING = NO;
				PRODUCT_NAME = "lexertest-simple";
				ZERO_LINK = NO;
			};
			name = Release;
		};
		F70BB383098E5B040054FEF8 /* Debug */ = {
			isa = XCBuildConfiguration;
			buildSettings = {
				COPY_PHASE_STRIP = NO;
				FRAMEWORK_SEARCH_PATHS = "";
				GCC_DYNAMIC_NO_PIC = NO;
				GCC_ENABLE_FIX_AND_CONTINUE = NO;
				GCC_ENABLE_OBJC_EXCEPTIONS = YES;
				GCC_GENERATE_DEBUGGING_SYMBOLS = YES;
				GCC_MODEL_TUNING = G5;
				GCC_OPTIMIZATION_LEVEL = 0;
				GCC_PRECOMPILE_PREFIX_HEADER = YES;
				GCC_PREFIX_HEADER = "$(SYSTEM_LIBRARY_DIR)/Frameworks/Cocoa.framework/Headers/Cocoa.h";
				INFOPLIST_FILE = "Test-Info.plist";
				INSTALL_PATH = "$(USER_LIBRARY_DIR)/Bundles";
				OTHER_LDFLAGS = (
					"-framework",
					Cocoa,
					"-framework",
					SenTestingKit,
				);
				PREBINDING = NO;
				PRODUCT_NAME = Test;
				WRAPPER_EXTENSION = octest;
				ZERO_LINK = NO;
			};
			name = Debug;
		};
		F70BB384098E5B040054FEF8 /* Release */ = {
			isa = XCBuildConfiguration;
			buildSettings = {
				COPY_PHASE_STRIP = YES;
				GCC_ENABLE_FIX_AND_CONTINUE = NO;
				GCC_ENABLE_OBJC_EXCEPTIONS = YES;
				GCC_GENERATE_DEBUGGING_SYMBOLS = NO;
				GCC_MODEL_TUNING = G5;
				GCC_PRECOMPILE_PREFIX_HEADER = YES;
				GCC_PREFIX_HEADER = "$(SYSTEM_LIBRARY_DIR)/Frameworks/Cocoa.framework/Headers/Cocoa.h";
				INFOPLIST_FILE = "Test-Info.plist";
				INSTALL_PATH = "$(USER_LIBRARY_DIR)/Bundles";
				OTHER_LDFLAGS = (
					"-framework",
					Cocoa,
					"-framework",
					SenTestingKit,
				);
				PREBINDING = NO;
				PRODUCT_NAME = Test;
				WRAPPER_EXTENSION = octest;
				ZERO_LINK = NO;
			};
			name = Release;
		};
		F7278F820A881AFA00575EAE /* Debug */ = {
			isa = XCBuildConfiguration;
			buildSettings = {
				COPY_PHASE_STRIP = NO;
				GCC_DYNAMIC_NO_PIC = NO;
				GCC_ENABLE_FIX_AND_CONTINUE = YES;
				GCC_GENERATE_DEBUGGING_SYMBOLS = YES;
				GCC_MODEL_TUNING = G5;
				GCC_OPTIMIZATION_LEVEL = 0;
				GCC_PRECOMPILE_PREFIX_HEADER = YES;
				GCC_PREFIX_HEADER = "$(SYSTEM_LIBRARY_DIR)/Frameworks/AppKit.framework/Headers/AppKit.h";
				INSTALL_PATH = "$(HOME)/bin";
				OTHER_LDFLAGS = (
					"-framework",
					Foundation,
					"-framework",
					AppKit,
				);
				PREBINDING = NO;
				PRODUCT_NAME = returnscopes;
				ZERO_LINK = NO;
			};
			name = Debug;
		};
		F7278F830A881AFA00575EAE /* Release */ = {
			isa = XCBuildConfiguration;
			buildSettings = {
				COPY_PHASE_STRIP = YES;
				GCC_ENABLE_FIX_AND_CONTINUE = NO;
				GCC_GENERATE_DEBUGGING_SYMBOLS = NO;
				GCC_MODEL_TUNING = G5;
				GCC_PRECOMPILE_PREFIX_HEADER = YES;
				GCC_PREFIX_HEADER = "$(SYSTEM_LIBRARY_DIR)/Frameworks/AppKit.framework/Headers/AppKit.h";
				INSTALL_PATH = "$(HOME)/bin";
				OTHER_LDFLAGS = (
					"-framework",
					Foundation,
					"-framework",
					AppKit,
				);
				PREBINDING = NO;
				PRODUCT_NAME = scopes;
				ZERO_LINK = NO;
			};
			name = Release;
		};
		F72C5E670AB7E4C900282574 /* Debug */ = {
			isa = XCBuildConfiguration;
			buildSettings = {
				COPY_PHASE_STRIP = NO;
				GCC_DYNAMIC_NO_PIC = NO;
				GCC_ENABLE_FIX_AND_CONTINUE = YES;
				GCC_GENERATE_DEBUGGING_SYMBOLS = YES;
				GCC_MODEL_TUNING = G5;
				GCC_OPTIMIZATION_LEVEL = 0;
				GCC_PRECOMPILE_PREFIX_HEADER = YES;
				GCC_PREFIX_HEADER = "$(SYSTEM_LIBRARY_DIR)/Frameworks/AppKit.framework/Headers/AppKit.h";
				INSTALL_PATH = "$(HOME)/bin";
				OTHER_LDFLAGS = (
					"-framework",
					Foundation,
					"-framework",
					AppKit,
				);
				PREBINDING = NO;
				PRODUCT_NAME = simplectree;
				ZERO_LINK = NO;
			};
			name = Debug;
		};
		F72C5E680AB7E4C900282574 /* Release */ = {
			isa = XCBuildConfiguration;
			buildSettings = {
				COPY_PHASE_STRIP = YES;
				GCC_ENABLE_FIX_AND_CONTINUE = NO;
				GCC_GENERATE_DEBUGGING_SYMBOLS = NO;
				GCC_MODEL_TUNING = G5;
				GCC_PRECOMPILE_PREFIX_HEADER = YES;
				GCC_PREFIX_HEADER = "$(SYSTEM_LIBRARY_DIR)/Frameworks/AppKit.framework/Headers/AppKit.h";
				INSTALL_PATH = "$(HOME)/bin";
				OTHER_LDFLAGS = (
					"-framework",
					Foundation,
					"-framework",
					AppKit,
				);
				PREBINDING = NO;
				PRODUCT_NAME = simplectree;
				ZERO_LINK = NO;
			};
			name = Release;
		};
		F79D56700A0E23D600EA3CEE /* Debug */ = {
			isa = XCBuildConfiguration;
			buildSettings = {
				COPY_PHASE_STRIP = NO;
				GCC_C_LANGUAGE_STANDARD = gnu99;
				GCC_DYNAMIC_NO_PIC = NO;
				GCC_ENABLE_FIX_AND_CONTINUE = NO;
				GCC_ENABLE_OBJC_EXCEPTIONS = YES;
				GCC_ENABLE_SYMBOL_SEPARATION = NO;
				GCC_GENERATE_DEBUGGING_SYMBOLS = YES;
				GCC_MODEL_TUNING = G4;
				GCC_OPTIMIZATION_LEVEL = 0;
				GCC_PRECOMPILE_PREFIX_HEADER = YES;
				GCC_PREFIX_HEADER = "$(SYSTEM_LIBRARY_DIR)/Frameworks/AppKit.framework/Headers/AppKit.h";
				INSTALL_PATH = "$(HOME)/bin";
				OTHER_LDFLAGS = (
					"-framework",
					Foundation,
					"-framework",
					AppKit,
				);
				PREBINDING = NO;
				PRODUCT_NAME = fuzzy;
				ZERO_LINK = NO;
			};
			name = Debug;
		};
		F79D56710A0E23D600EA3CEE /* Release */ = {
			isa = XCBuildConfiguration;
			buildSettings = {
				COPY_PHASE_STRIP = YES;
				GCC_ENABLE_FIX_AND_CONTINUE = NO;
				GCC_GENERATE_DEBUGGING_SYMBOLS = NO;
				GCC_MODEL_TUNING = G5;
				GCC_PRECOMPILE_PREFIX_HEADER = YES;
				GCC_PREFIX_HEADER = "$(SYSTEM_LIBRARY_DIR)/Frameworks/AppKit.framework/Headers/AppKit.h";
				INSTALL_PATH = "$(HOME)/bin";
				OTHER_LDFLAGS = (
					"-framework",
					Foundation,
					"-framework",
					AppKit,
				);
				PREBINDING = NO;
				PRODUCT_NAME = fuzzy;
				ZERO_LINK = NO;
			};
			name = Release;
		};
		F7DD05F10A7B1640006A006C /* Debug */ = {
			isa = XCBuildConfiguration;
			buildSettings = {
				ARCHS = "$(NATIVE_ARCH)";
				COPY_PHASE_STRIP = NO;
				GCC_DYNAMIC_NO_PIC = NO;
				GCC_ENABLE_FIX_AND_CONTINUE = YES;
				GCC_ENABLE_SYMBOL_SEPARATION = NO;
				GCC_GENERATE_DEBUGGING_SYMBOLS = YES;
				GCC_MODEL_TUNING = G5;
				GCC_OPTIMIZATION_LEVEL = 0;
				GCC_PRECOMPILE_PREFIX_HEADER = YES;
				GCC_PREFIX_HEADER = "$(SYSTEM_LIBRARY_DIR)/Frameworks/AppKit.framework/Headers/AppKit.h";
				INSTALL_PATH = "$(HOME)/bin";
				OTHER_LDFLAGS = (
					"-framework",
					Foundation,
					"-framework",
					AppKit,
				);
				PREBINDING = NO;
				PRODUCT_NAME = hoistedPredicates;
				ZERO_LINK = NO;
			};
			name = Debug;
		};
		F7DD05F20A7B1640006A006C /* Release */ = {
			isa = XCBuildConfiguration;
			buildSettings = {
				ARCHS = "$(NATIVE_ARCH)";
				COPY_PHASE_STRIP = YES;
				GCC_ENABLE_FIX_AND_CONTINUE = NO;
				GCC_ENABLE_SYMBOL_SEPARATION = NO;
				GCC_GENERATE_DEBUGGING_SYMBOLS = NO;
				GCC_MODEL_TUNING = G5;
				GCC_PRECOMPILE_PREFIX_HEADER = YES;
				GCC_PREFIX_HEADER = "$(SYSTEM_LIBRARY_DIR)/Frameworks/AppKit.framework/Headers/AppKit.h";
				INSTALL_PATH = "$(HOME)/bin";
				OTHER_LDFLAGS = (
					"-framework",
					Foundation,
					"-framework",
					AppKit,
				);
				PREBINDING = NO;
				PRODUCT_NAME = hoistedPredicates;
				ZERO_LINK = NO;
			};
			name = Release;
		};
		F7DD077A0A7B6682006A006C /* Debug */ = {
			isa = XCBuildConfiguration;
			buildSettings = {
				COPY_PHASE_STRIP = NO;
				GCC_DYNAMIC_NO_PIC = NO;
				GCC_ENABLE_FIX_AND_CONTINUE = YES;
				GCC_GENERATE_DEBUGGING_SYMBOLS = YES;
				GCC_MODEL_TUNING = G5;
				GCC_OPTIMIZATION_LEVEL = 0;
				GCC_PRECOMPILE_PREFIX_HEADER = YES;
				GCC_PREFIX_HEADER = "$(SYSTEM_LIBRARY_DIR)/Frameworks/AppKit.framework/Headers/AppKit.h";
				INSTALL_PATH = "$(HOME)/bin";
				OTHER_LDFLAGS = (
					"-framework",
					Foundation,
					"-framework",
					AppKit,
				);
				PREBINDING = NO;
				PRODUCT_NAME = scopes;
				ZERO_LINK = NO;
			};
			name = Debug;
		};
		F7DD077B0A7B6682006A006C /* Release */ = {
			isa = XCBuildConfiguration;
			buildSettings = {
				COPY_PHASE_STRIP = YES;
				GCC_ENABLE_FIX_AND_CONTINUE = NO;
				GCC_GENERATE_DEBUGGING_SYMBOLS = NO;
				GCC_MODEL_TUNING = G5;
				GCC_PRECOMPILE_PREFIX_HEADER = YES;
				GCC_PREFIX_HEADER = "$(SYSTEM_LIBRARY_DIR)/Frameworks/AppKit.framework/Headers/AppKit.h";
				INSTALL_PATH = "$(HOME)/bin";
				OTHER_LDFLAGS = (
					"-framework",
					Foundation,
					"-framework",
					AppKit,
				);
				PREBINDING = NO;
				PRODUCT_NAME = scopes;
				ZERO_LINK = NO;
			};
			name = Release;
		};
/* End XCBuildConfiguration section */

/* Begin XCConfigurationList section */
		1DEB91AD08733DA50010E9CD /* Build configuration list for PBXNativeTarget "ANTLR" */ = {
			isa = XCConfigurationList;
			buildConfigurations = (
				1DEB91AE08733DA50010E9CD /* Debug */,
				1DEB91AF08733DA50010E9CD /* Release */,
			);
			defaultConfigurationIsVisible = 0;
			defaultConfigurationName = Release;
		};
		1DEB91B108733DA50010E9CD /* Build configuration list for PBXProject "ANTLR" */ = {
			isa = XCConfigurationList;
			buildConfigurations = (
				1DEB91B208733DA50010E9CD /* Debug */,
				1DEB91B308733DA50010E9CD /* Release */,
			);
			defaultConfigurationIsVisible = 0;
			defaultConfigurationName = Release;
		};
		F700E86C0A5FA34D005D0757 /* Build configuration list for PBXNativeTarget "combined" */ = {
			isa = XCConfigurationList;
			buildConfigurations = (
				F700E86D0A5FA34D005D0757 /* Debug */,
				F700E86E0A5FA34D005D0757 /* Release */,
			);
			defaultConfigurationIsVisible = 0;
			defaultConfigurationName = Release;
		};
		F700ECDC0A5FE1BF005D0757 /* Build configuration list for PBXNativeTarget "LL-star" */ = {
			isa = XCConfigurationList;
			buildConfigurations = (
				F700ECDD0A5FE1BF005D0757 /* Debug */,
				F700ECDE0A5FE1BF005D0757 /* Release */,
			);
			defaultConfigurationIsVisible = 0;
			defaultConfigurationName = Release;
		};
		F7037EB80A05AFEF0070435D /* Build configuration list for PBXNativeTarget "lexertest-simple" */ = {
			isa = XCConfigurationList;
			buildConfigurations = (
				F7037EB90A05AFEF0070435D /* Debug */,
				F7037EBA0A05AFEF0070435D /* Release */,
			);
			defaultConfigurationIsVisible = 0;
			defaultConfigurationName = Release;
		};
		F70BB382098E5B040054FEF8 /* Build configuration list for PBXNativeTarget "Test" */ = {
			isa = XCConfigurationList;
			buildConfigurations = (
				F70BB383098E5B040054FEF8 /* Debug */,
				F70BB384098E5B040054FEF8 /* Release */,
			);
			defaultConfigurationIsVisible = 0;
			defaultConfigurationName = Release;
		};
		F7278F810A881AFA00575EAE /* Build configuration list for PBXNativeTarget "returnscopes" */ = {
			isa = XCConfigurationList;
			buildConfigurations = (
				F7278F820A881AFA00575EAE /* Debug */,
				F7278F830A881AFA00575EAE /* Release */,
			);
			defaultConfigurationIsVisible = 0;
			defaultConfigurationName = Release;
		};
		F72C5E660AB7E4C900282574 /* Build configuration list for PBXNativeTarget "simplec tree" */ = {
			isa = XCConfigurationList;
			buildConfigurations = (
				F72C5E670AB7E4C900282574 /* Debug */,
				F72C5E680AB7E4C900282574 /* Release */,
			);
			defaultConfigurationIsVisible = 0;
			defaultConfigurationName = Release;
		};
		F79D566F0A0E23D600EA3CEE /* Build configuration list for PBXNativeTarget "fuzzy" */ = {
			isa = XCConfigurationList;
			buildConfigurations = (
				F79D56700A0E23D600EA3CEE /* Debug */,
				F79D56710A0E23D600EA3CEE /* Release */,
			);
			defaultConfigurationIsVisible = 0;
			defaultConfigurationName = Release;
		};
		F7DD05F00A7B1640006A006C /* Build configuration list for PBXNativeTarget "hoistedPredicates" */ = {
			isa = XCConfigurationList;
			buildConfigurations = (
				F7DD05F10A7B1640006A006C /* Debug */,
				F7DD05F20A7B1640006A006C /* Release */,
			);
			defaultConfigurationIsVisible = 0;
			defaultConfigurationName = Release;
		};
		F7DD07790A7B6682006A006C /* Build configuration list for PBXNativeTarget "scopes" */ = {
			isa = XCConfigurationList;
			buildConfigurations = (
				F7DD077A0A7B6682006A006C /* Debug */,
				F7DD077B0A7B6682006A006C /* Release */,
			);
			defaultConfigurationIsVisible = 0;
			defaultConfigurationName = Release;
		};
/* End XCConfigurationList section */
	};
	rootObject = 0867D690FE84028FC02AAC07 /* Project object */;
}
